// !$*UTF8*$!
{
	archiveVersion = 1;
	classes = {
	};
	objectVersion = 50;
	objects = {

/* Begin PBXBuildFile section */
		216CCBE1265E3B690023BE10 /* FMDatabaseQueue.m in Sources */ = {isa = PBXBuildFile; fileRef = 216CCBD6265E3B690023BE10 /* FMDatabaseQueue.m */; };
		216CCBE2265E3B690023BE10 /* FMDatabaseAdditions.m in Sources */ = {isa = PBXBuildFile; fileRef = 216CCBD9265E3B690023BE10 /* FMDatabaseAdditions.m */; };
		216CCBE3265E3B690023BE10 /* FMDatabase.m in Sources */ = {isa = PBXBuildFile; fileRef = 216CCBDA265E3B690023BE10 /* FMDatabase.m */; };
		216CCBE4265E3B690023BE10 /* FMDatabasePool.m in Sources */ = {isa = PBXBuildFile; fileRef = 216CCBDE265E3B690023BE10 /* FMDatabasePool.m */; };
		216CCBE5265E3B690023BE10 /* FMResultSet.m in Sources */ = {isa = PBXBuildFile; fileRef = 216CCBDF265E3B690023BE10 /* FMResultSet.m */; };
		216CCBE6265E3B690023BE10 /* Info.plist in Resources */ = {isa = PBXBuildFile; fileRef = 216CCBE0265E3B690023BE10 /* Info.plist */; };
		80E449D7265E2ED90013F216 /* AppDelegate.m in Sources */ = {isa = PBXBuildFile; fileRef = 80E449D6265E2ED90013F216 /* AppDelegate.m */; };
		80E449E0265E2ED90013F216 /* Main.storyboard in Resources */ = {isa = PBXBuildFile; fileRef = 80E449DE265E2ED90013F216 /* Main.storyboard */; };
		80E449E2265E2EDC0013F216 /* Assets.xcassets in Resources */ = {isa = PBXBuildFile; fileRef = 80E449E1265E2EDC0013F216 /* Assets.xcassets */; };
		80E449E5265E2EDC0013F216 /* LaunchScreen.storyboard in Resources */ = {isa = PBXBuildFile; fileRef = 80E449E3265E2EDC0013F216 /* LaunchScreen.storyboard */; };
		80E449E8265E2EDC0013F216 /* main.m in Sources */ = {isa = PBXBuildFile; fileRef = 80E449E7265E2EDC0013F216 /* main.m */; };
		80E449F2265E2EDC0013F216 /* ____Tests.m in Sources */ = {isa = PBXBuildFile; fileRef = 80E449F1265E2EDC0013F216 /* ____Tests.m */; };
		80E449FD265E2EDC0013F216 /* ____UITests.m in Sources */ = {isa = PBXBuildFile; fileRef = 80E449FC265E2EDC0013F216 /* ____UITests.m */; };
		80E44A40265E373A0013F216 /* UIBarButtonItem+CYLBadgeExtention.m in Sources */ = {isa = PBXBuildFile; fileRef = 80E44A18265E373A0013F216 /* UIBarButtonItem+CYLBadgeExtention.m */; };
		80E44A41265E373A0013F216 /* CYLBaseTableViewController.m in Sources */ = {isa = PBXBuildFile; fileRef = 80E44A19265E373A0013F216 /* CYLBaseTableViewController.m */; };
		80E44A42265E373A0013F216 /* UIColor+CYLTabBarControllerExtention.m in Sources */ = {isa = PBXBuildFile; fileRef = 80E44A1C265E373A0013F216 /* UIColor+CYLTabBarControllerExtention.m */; };
		80E44A43265E373A0013F216 /* UIView+CYLTabBarControllerExtention.m in Sources */ = {isa = PBXBuildFile; fileRef = 80E44A23265E373A0013F216 /* UIView+CYLTabBarControllerExtention.m */; };
		80E44A44265E373A0013F216 /* NSObject+CYLTabBarControllerExtention.m in Sources */ = {isa = PBXBuildFile; fileRef = 80E44A24265E373A0013F216 /* NSObject+CYLTabBarControllerExtention.m */; };
		80E44A45265E373A0013F216 /* UITabBarItem+CYLTabBarControllerExtention.m in Sources */ = {isa = PBXBuildFile; fileRef = 80E44A26265E373A0013F216 /* UITabBarItem+CYLTabBarControllerExtention.m */; };
		80E44A46265E373A0013F216 /* CYLTabBarController.m in Sources */ = {isa = PBXBuildFile; fileRef = 80E44A29265E373A0013F216 /* CYLTabBarController.m */; };
		80E44A47265E373A0013F216 /* CYLBaseNavigationController.m in Sources */ = {isa = PBXBuildFile; fileRef = 80E44A2A265E373A0013F216 /* CYLBaseNavigationController.m */; };
		80E44A48265E373A0013F216 /* UITabBarItem+CYLBadgeExtention.m in Sources */ = {isa = PBXBuildFile; fileRef = 80E44A2C265E373A0013F216 /* UITabBarItem+CYLBadgeExtention.m */; };
		80E44A49265E373A0013F216 /* UIView+CYLBadgeExtention.m in Sources */ = {isa = PBXBuildFile; fileRef = 80E44A2F265E373A0013F216 /* UIView+CYLBadgeExtention.m */; };
		80E44A4A265E373A0013F216 /* CAAnimation+CYLBadgeExtention.m in Sources */ = {isa = PBXBuildFile; fileRef = 80E44A30265E373A0013F216 /* CAAnimation+CYLBadgeExtention.m */; };
		80E44A4B265E373A0013F216 /* CYLTabBar+CYLTabBarControllerExtention.m in Sources */ = {isa = PBXBuildFile; fileRef = 80E44A31265E373A0013F216 /* CYLTabBar+CYLTabBarControllerExtention.m */; };
		80E44A4C265E373A0013F216 /* CYLTabBar.m in Sources */ = {isa = PBXBuildFile; fileRef = 80E44A32265E373A0013F216 /* CYLTabBar.m */; };
		80E44A4D265E373A0013F216 /* CYLPlusButton.m in Sources */ = {isa = PBXBuildFile; fileRef = 80E44A33265E373A0013F216 /* CYLPlusButton.m */; };
		80E44A4E265E373A0013F216 /* UIImage+CYLTabBarControllerExtention.m in Sources */ = {isa = PBXBuildFile; fileRef = 80E44A35265E373A0013F216 /* UIImage+CYLTabBarControllerExtention.m */; };
		80E44A4F265E373A0013F216 /* UIViewController+CYLNavigationControllerExtention.m in Sources */ = {isa = PBXBuildFile; fileRef = 80E44A36265E373A0013F216 /* UIViewController+CYLNavigationControllerExtention.m */; };
		80E44A50265E373A0013F216 /* CYLBaseViewController.m in Sources */ = {isa = PBXBuildFile; fileRef = 80E44A38265E373A0013F216 /* CYLBaseViewController.m */; };
		80E44A51265E373A0013F216 /* UIControl+CYLTabBarControllerExtention.m in Sources */ = {isa = PBXBuildFile; fileRef = 80E44A3B265E373A0013F216 /* UIControl+CYLTabBarControllerExtention.m */; };
		80E44A52265E373A0013F216 /* UIViewController+CYLTabBarControllerExtention.m in Sources */ = {isa = PBXBuildFile; fileRef = 80E44A3D265E373A0013F216 /* UIViewController+CYLTabBarControllerExtention.m */; };
		80E44A7B265E37520013F216 /* EasyNavigationView+Add.m in Sources */ = {isa = PBXBuildFile; fileRef = 80E44A57265E37520013F216 /* EasyNavigationView+Add.m */; };
		80E44A7C265E37520013F216 /* EasyNavigationController.m in Sources */ = {isa = PBXBuildFile; fileRef = 80E44A58265E37520013F216 /* EasyNavigationController.m */; };
		80E44A7D265E37520013F216 /* EasyNavigationOptions.m in Sources */ = {isa = PBXBuildFile; fileRef = 80E44A5A265E37520013F216 /* EasyNavigationOptions.m */; };
		80E44A7E265E37520013F216 /* EasyNavigationScroll.m in Sources */ = {isa = PBXBuildFile; fileRef = 80E44A5B265E37520013F216 /* EasyNavigationScroll.m */; };
		80E44A7F265E37520013F216 /* EasyNavigationView.m in Sources */ = {isa = PBXBuildFile; fileRef = 80E44A5C265E37520013F216 /* EasyNavigationView.m */; };
		80E44A80265E37520013F216 /* UITableViewController+EasyNavigationExt.m in Sources */ = {isa = PBXBuildFile; fileRef = 80E44A60265E37520013F216 /* UITableViewController+EasyNavigationExt.m */; };
		80E44A81265E37520013F216 /* NSObject+EasyKVO.m in Sources */ = {isa = PBXBuildFile; fileRef = 80E44A61265E37520013F216 /* NSObject+EasyKVO.m */; };
		80E44A82265E37520013F216 /* EasyKVOInfo.m in Sources */ = {isa = PBXBuildFile; fileRef = 80E44A63265E37520013F216 /* EasyKVOInfo.m */; };
		80E44A83265E37520013F216 /* UIView+EasyNavigationExt.m in Sources */ = {isa = PBXBuildFile; fileRef = 80E44A64265E37520013F216 /* UIView+EasyNavigationExt.m */; };
		80E44A84265E37520013F216 /* UIScrollView+EasyNavigationExt.m in Sources */ = {isa = PBXBuildFile; fileRef = 80E44A67265E37520013F216 /* UIScrollView+EasyNavigationExt.m */; };
		80E44A85265E37520013F216 /* UIViewController+EasyNavigationExt.m in Sources */ = {isa = PBXBuildFile; fileRef = 80E44A6B265E37520013F216 /* UIViewController+EasyNavigationExt.m */; };
		80E44A86265E37520013F216 /* EasyNavigationUtils.m in Sources */ = {isa = PBXBuildFile; fileRef = 80E44A6C265E37520013F216 /* EasyNavigationUtils.m */; };
		80E44A87265E37520013F216 /* EasyNavigationView+LeftButton.m in Sources */ = {isa = PBXBuildFile; fileRef = 80E44A6F265E37520013F216 /* EasyNavigationView+LeftButton.m */; };
		80E44A88265E37520013F216 /* EasyNavigationView+RightButton.m in Sources */ = {isa = PBXBuildFile; fileRef = 80E44A70265E37520013F216 /* EasyNavigationView+RightButton.m */; };
		80E44A89265E37520013F216 /* EasyNavButton.bundle in Resources */ = {isa = PBXBuildFile; fileRef = 80E44A71265E37520013F216 /* EasyNavButton.bundle */; };
		80E44A8A265E37520013F216 /* EasyNavigationButton.m in Sources */ = {isa = PBXBuildFile; fileRef = 80E44A75265E37520013F216 /* EasyNavigationButton.m */; };
		80E44A8B265E37520013F216 /* EasyNavigationView+Scroll.m in Sources */ = {isa = PBXBuildFile; fileRef = 80E44A78265E37520013F216 /* EasyNavigationView+Scroll.m */; };
		80E44ACB265E37590013F216 /* NSLayoutConstraint+MASDebugAdditions.m in Sources */ = {isa = PBXBuildFile; fileRef = 80E44A91265E37590013F216 /* NSLayoutConstraint+MASDebugAdditions.m */; };
		80E44ACC265E37590013F216 /* ViewController+MASAdditions.m in Sources */ = {isa = PBXBuildFile; fileRef = 80E44A9A265E37590013F216 /* ViewController+MASAdditions.m */; };
		80E44ACD265E37590013F216 /* MASCompositeConstraint.m in Sources */ = {isa = PBXBuildFile; fileRef = 80E44A9E265E37590013F216 /* MASCompositeConstraint.m */; };
		80E44ACE265E37590013F216 /* MASConstraintMaker.m in Sources */ = {isa = PBXBuildFile; fileRef = 80E44A9F265E37590013F216 /* MASConstraintMaker.m */; };
		80E44ACF265E37590013F216 /* MASLayoutConstraint.m in Sources */ = {isa = PBXBuildFile; fileRef = 80E44AA0265E37590013F216 /* MASLayoutConstraint.m */; };
		80E44AD0265E37590013F216 /* NSArray+MASAdditions.m in Sources */ = {isa = PBXBuildFile; fileRef = 80E44AA1265E37590013F216 /* NSArray+MASAdditions.m */; };
		80E44AD1265E37590013F216 /* View+MASAdditions.m in Sources */ = {isa = PBXBuildFile; fileRef = 80E44AA2265E37590013F216 /* View+MASAdditions.m */; };
		80E44AD2265E37590013F216 /* MASConstraint.m in Sources */ = {isa = PBXBuildFile; fileRef = 80E44AA5265E37590013F216 /* MASConstraint.m */; };
		80E44AD3265E37590013F216 /* MASViewConstraint.m in Sources */ = {isa = PBXBuildFile; fileRef = 80E44AA7265E37590013F216 /* MASViewConstraint.m */; };
		80E44AD4265E37590013F216 /* MASViewAttribute.m in Sources */ = {isa = PBXBuildFile; fileRef = 80E44AA8265E37590013F216 /* MASViewAttribute.m */; };
		80E44AD5265E37590013F216 /* UIImage+WebP.m in Sources */ = {isa = PBXBuildFile; fileRef = 80E44AAA265E37590013F216 /* UIImage+WebP.m */; };
		80E44AD6265E37590013F216 /* MKAnnotationView+WebCache.m in Sources */ = {isa = PBXBuildFile; fileRef = 80E44AAB265E37590013F216 /* MKAnnotationView+WebCache.m */; };
		80E44AD7265E37590013F216 /* SDWebImageManager.m in Sources */ = {isa = PBXBuildFile; fileRef = 80E44AAE265E37590013F216 /* SDWebImageManager.m */; };
		80E44AD8265E37590013F216 /* SDWebImageDecoder.m in Sources */ = {isa = PBXBuildFile; fileRef = 80E44AAF265E37590013F216 /* SDWebImageDecoder.m */; };
		80E44AD9265E37590013F216 /* UIImageView+HighlightedWebCache.m in Sources */ = {isa = PBXBuildFile; fileRef = 80E44AB1265E37590013F216 /* UIImageView+HighlightedWebCache.m */; };
		80E44ADA265E37590013F216 /* SDWebImageDownloader.m in Sources */ = {isa = PBXBuildFile; fileRef = 80E44AB3265E37590013F216 /* SDWebImageDownloader.m */; };
		80E44ADB265E37590013F216 /* UIImage+GIF.m in Sources */ = {isa = PBXBuildFile; fileRef = 80E44AB4265E37590013F216 /* UIImage+GIF.m */; };
		80E44ADC265E37590013F216 /* UIImage+MultiFormat.m in Sources */ = {isa = PBXBuildFile; fileRef = 80E44AB6265E37590013F216 /* UIImage+MultiFormat.m */; };
		80E44ADD265E37590013F216 /* SDWebImageCompat.m in Sources */ = {isa = PBXBuildFile; fileRef = 80E44AB7265E37590013F216 /* SDWebImageCompat.m */; };
		80E44ADE265E37590013F216 /* SDWebImagePrefetcher.m in Sources */ = {isa = PBXBuildFile; fileRef = 80E44AB8265E37590013F216 /* SDWebImagePrefetcher.m */; };
		80E44ADF265E37590013F216 /* SDImageCache.m in Sources */ = {isa = PBXBuildFile; fileRef = 80E44ABC265E37590013F216 /* SDImageCache.m */; };
		80E44AE0265E37590013F216 /* SDWebImageDownloaderOperation.m in Sources */ = {isa = PBXBuildFile; fileRef = 80E44ABE265E37590013F216 /* SDWebImageDownloaderOperation.m */; };
		80E44AE1265E37590013F216 /* NSData+ImageContentType.m in Sources */ = {isa = PBXBuildFile; fileRef = 80E44AC1265E37590013F216 /* NSData+ImageContentType.m */; };
		80E44AE2265E37590013F216 /* UIImageView+WebCache.m in Sources */ = {isa = PBXBuildFile; fileRef = 80E44AC2265E37590013F216 /* UIImageView+WebCache.m */; };
		80E44AE3265E37590013F216 /* UIView+WebCacheOperation.m in Sources */ = {isa = PBXBuildFile; fileRef = 80E44AC5265E37590013F216 /* UIView+WebCacheOperation.m */; };
		80E44AE4265E37590013F216 /* UIButton+WebCache.m in Sources */ = {isa = PBXBuildFile; fileRef = 80E44AC9265E37590013F216 /* UIButton+WebCache.m */; };
		80E44AEB265E37990013F216 /* FileManager.mm in Sources */ = {isa = PBXBuildFile; fileRef = 80E44AEA265E37990013F216 /* FileManager.mm */; };
		80E44AFB265E39F10013F216 /* Edi_Tablebar.m in Sources */ = {isa = PBXBuildFile; fileRef = 80E44AFA265E39F10013F216 /* Edi_Tablebar.m */; };
		80E44B0C265E3C320013F216 /* Edi_QmVC.m in Sources */ = {isa = PBXBuildFile; fileRef = 80E44B0B265E3C320013F216 /* Edi_QmVC.m */; };
		80E44B16265E3C3E0013F216 /* Edi_JmVC.m in Sources */ = {isa = PBXBuildFile; fileRef = 80E44B15265E3C3E0013F216 /* Edi_JmVC.m */; };
		80E44B1C265E3C470013F216 /* Edi_FxVC.m in Sources */ = {isa = PBXBuildFile; fileRef = 80E44B1B265E3C470013F216 /* Edi_FxVC.m */; };
		80E44B22265E3C500013F216 /* Edi_WdVC.m in Sources */ = {isa = PBXBuildFile; fileRef = 80E44B21265E3C500013F216 /* Edi_WdVC.m */; };
		80E44B28265E3CD90013F216 /* libsqlite3.0.tbd in Frameworks */ = {isa = PBXBuildFile; fileRef = 80E44B27265E3CD50013F216 /* libsqlite3.0.tbd */; };
/* End PBXBuildFile section */

/* Begin PBXContainerItemProxy section */
		80E449EE265E2EDC0013F216 /* PBXContainerItemProxy */ = {
			isa = PBXContainerItemProxy;
			containerPortal = 80E449CA265E2ED90013F216 /* Project object */;
			proxyType = 1;
			remoteGlobalIDString = 80E449D1265E2ED90013F216;
			remoteInfo = "起名大全";
		};
		80E449F9265E2EDC0013F216 /* PBXContainerItemProxy */ = {
			isa = PBXContainerItemProxy;
			containerPortal = 80E449CA265E2ED90013F216 /* Project object */;
			proxyType = 1;
			remoteGlobalIDString = 80E449D1265E2ED90013F216;
			remoteInfo = "起名大全";
		};
/* End PBXContainerItemProxy section */

/* Begin PBXFileReference section */
		216CCBD5265E3B690023BE10 /* FMDatabase.h */ = {isa = PBXFileReference; fileEncoding = 4; lastKnownFileType = sourcecode.c.h; path = FMDatabase.h; sourceTree = "<group>"; };
		216CCBD6265E3B690023BE10 /* FMDatabaseQueue.m */ = {isa = PBXFileReference; fileEncoding = 4; lastKnownFileType = sourcecode.c.objc; path = FMDatabaseQueue.m; sourceTree = "<group>"; };
		216CCBD7265E3B690023BE10 /* FMResultSet.h */ = {isa = PBXFileReference; fileEncoding = 4; lastKnownFileType = sourcecode.c.h; path = FMResultSet.h; sourceTree = "<group>"; };
		216CCBD8265E3B690023BE10 /* FMDatabasePool.h */ = {isa = PBXFileReference; fileEncoding = 4; lastKnownFileType = sourcecode.c.h; path = FMDatabasePool.h; sourceTree = "<group>"; };
		216CCBD9265E3B690023BE10 /* FMDatabaseAdditions.m */ = {isa = PBXFileReference; fileEncoding = 4; lastKnownFileType = sourcecode.c.objc; path = FMDatabaseAdditions.m; sourceTree = "<group>"; };
		216CCBDA265E3B690023BE10 /* FMDatabase.m */ = {isa = PBXFileReference; fileEncoding = 4; lastKnownFileType = sourcecode.c.objc; path = FMDatabase.m; sourceTree = "<group>"; };
		216CCBDB265E3B690023BE10 /* FMDatabaseQueue.h */ = {isa = PBXFileReference; fileEncoding = 4; lastKnownFileType = sourcecode.c.h; path = FMDatabaseQueue.h; sourceTree = "<group>"; };
		216CCBDC265E3B690023BE10 /* FMDB.h */ = {isa = PBXFileReference; fileEncoding = 4; lastKnownFileType = sourcecode.c.h; path = FMDB.h; sourceTree = "<group>"; };
		216CCBDD265E3B690023BE10 /* FMDatabaseAdditions.h */ = {isa = PBXFileReference; fileEncoding = 4; lastKnownFileType = sourcecode.c.h; path = FMDatabaseAdditions.h; sourceTree = "<group>"; };
		216CCBDE265E3B690023BE10 /* FMDatabasePool.m */ = {isa = PBXFileReference; fileEncoding = 4; lastKnownFileType = sourcecode.c.objc; path = FMDatabasePool.m; sourceTree = "<group>"; };
		216CCBDF265E3B690023BE10 /* FMResultSet.m */ = {isa = PBXFileReference; fileEncoding = 4; lastKnownFileType = sourcecode.c.objc; path = FMResultSet.m; sourceTree = "<group>"; };
		216CCBE0265E3B690023BE10 /* Info.plist */ = {isa = PBXFileReference; fileEncoding = 4; lastKnownFileType = text.plist.xml; path = Info.plist; sourceTree = "<group>"; };
		80E449D2265E2ED90013F216 /* 起名大全.app */ = {isa = PBXFileReference; explicitFileType = wrapper.application; includeInIndex = 0; path = "起名大全.app"; sourceTree = BUILT_PRODUCTS_DIR; };
		80E449D5265E2ED90013F216 /* AppDelegate.h */ = {isa = PBXFileReference; lastKnownFileType = sourcecode.c.h; path = AppDelegate.h; sourceTree = "<group>"; };
		80E449D6265E2ED90013F216 /* AppDelegate.m */ = {isa = PBXFileReference; lastKnownFileType = sourcecode.c.objc; path = AppDelegate.m; sourceTree = "<group>"; };
		80E449DF265E2ED90013F216 /* Base */ = {isa = PBXFileReference; lastKnownFileType = file.storyboard; name = Base; path = Base.lproj/Main.storyboard; sourceTree = "<group>"; };
		80E449E1265E2EDC0013F216 /* Assets.xcassets */ = {isa = PBXFileReference; lastKnownFileType = folder.assetcatalog; path = Assets.xcassets; sourceTree = "<group>"; };
		80E449E4265E2EDC0013F216 /* Base */ = {isa = PBXFileReference; lastKnownFileType = file.storyboard; name = Base; path = Base.lproj/LaunchScreen.storyboard; sourceTree = "<group>"; };
		80E449E6265E2EDC0013F216 /* Info.plist */ = {isa = PBXFileReference; lastKnownFileType = text.plist.xml; path = Info.plist; sourceTree = "<group>"; };
		80E449E7265E2EDC0013F216 /* main.m */ = {isa = PBXFileReference; lastKnownFileType = sourcecode.c.objc; path = main.m; sourceTree = "<group>"; };
		80E449ED265E2EDC0013F216 /* 起名大全Tests.xctest */ = {isa = PBXFileReference; explicitFileType = wrapper.cfbundle; includeInIndex = 0; path = "起名大全Tests.xctest"; sourceTree = BUILT_PRODUCTS_DIR; };
		80E449F1265E2EDC0013F216 /* ____Tests.m */ = {isa = PBXFileReference; lastKnownFileType = sourcecode.c.objc; path = "____Tests.m"; sourceTree = "<group>"; };
		80E449F3265E2EDC0013F216 /* Info.plist */ = {isa = PBXFileReference; lastKnownFileType = text.plist.xml; path = Info.plist; sourceTree = "<group>"; };
		80E449F8265E2EDC0013F216 /* 起名大全UITests.xctest */ = {isa = PBXFileReference; explicitFileType = wrapper.cfbundle; includeInIndex = 0; path = "起名大全UITests.xctest"; sourceTree = BUILT_PRODUCTS_DIR; };
		80E449FC265E2EDC0013F216 /* ____UITests.m */ = {isa = PBXFileReference; lastKnownFileType = sourcecode.c.objc; path = "____UITests.m"; sourceTree = "<group>"; };
		80E449FE265E2EDC0013F216 /* Info.plist */ = {isa = PBXFileReference; lastKnownFileType = text.plist.xml; path = Info.plist; sourceTree = "<group>"; };
		80E44A18265E373A0013F216 /* UIBarButtonItem+CYLBadgeExtention.m */ = {isa = PBXFileReference; fileEncoding = 4; lastKnownFileType = sourcecode.c.objc; path = "UIBarButtonItem+CYLBadgeExtention.m"; sourceTree = "<group>"; };
		80E44A19265E373A0013F216 /* CYLBaseTableViewController.m */ = {isa = PBXFileReference; fileEncoding = 4; lastKnownFileType = sourcecode.c.objc; path = CYLBaseTableViewController.m; sourceTree = "<group>"; };
		80E44A1A265E373A0013F216 /* UITabBarItem+CYLBadgeExtention.h */ = {isa = PBXFileReference; fileEncoding = 4; lastKnownFileType = sourcecode.c.h; path = "UITabBarItem+CYLBadgeExtention.h"; sourceTree = "<group>"; };
		80E44A1B265E373A0013F216 /* UIImage+CYLTabBarControllerExtention.h */ = {isa = PBXFileReference; fileEncoding = 4; lastKnownFileType = sourcecode.c.h; path = "UIImage+CYLTabBarControllerExtention.h"; sourceTree = "<group>"; };
		80E44A1C265E373A0013F216 /* UIColor+CYLTabBarControllerExtention.m */ = {isa = PBXFileReference; fileEncoding = 4; lastKnownFileType = sourcecode.c.objc; path = "UIColor+CYLTabBarControllerExtention.m"; sourceTree = "<group>"; };
		80E44A1D265E373A0013F216 /* CYLPlusButton.h */ = {isa = PBXFileReference; fileEncoding = 4; lastKnownFileType = sourcecode.c.h; path = CYLPlusButton.h; sourceTree = "<group>"; };
		80E44A1E265E373A0013F216 /* CYLTabBar.h */ = {isa = PBXFileReference; fileEncoding = 4; lastKnownFileType = sourcecode.c.h; path = CYLTabBar.h; sourceTree = "<group>"; };
		80E44A1F265E373A0013F216 /* CYLTabBar+CYLTabBarControllerExtention.h */ = {isa = PBXFileReference; fileEncoding = 4; lastKnownFileType = sourcecode.c.h; path = "CYLTabBar+CYLTabBarControllerExtention.h"; sourceTree = "<group>"; };
		80E44A20265E373A0013F216 /* CAAnimation+CYLBadgeExtention.h */ = {isa = PBXFileReference; fileEncoding = 4; lastKnownFileType = sourcecode.c.h; path = "CAAnimation+CYLBadgeExtention.h"; sourceTree = "<group>"; };
		80E44A21265E373A0013F216 /* UIView+CYLBadgeExtention.h */ = {isa = PBXFileReference; fileEncoding = 4; lastKnownFileType = sourcecode.c.h; path = "UIView+CYLBadgeExtention.h"; sourceTree = "<group>"; };
		80E44A22265E373A0013F216 /* UIControl+CYLTabBarControllerExtention.h */ = {isa = PBXFileReference; fileEncoding = 4; lastKnownFileType = sourcecode.c.h; path = "UIControl+CYLTabBarControllerExtention.h"; sourceTree = "<group>"; };
		80E44A23265E373A0013F216 /* UIView+CYLTabBarControllerExtention.m */ = {isa = PBXFileReference; fileEncoding = 4; lastKnownFileType = sourcecode.c.objc; path = "UIView+CYLTabBarControllerExtention.m"; sourceTree = "<group>"; };
		80E44A24265E373A0013F216 /* NSObject+CYLTabBarControllerExtention.m */ = {isa = PBXFileReference; fileEncoding = 4; lastKnownFileType = sourcecode.c.objc; path = "NSObject+CYLTabBarControllerExtention.m"; sourceTree = "<group>"; };
		80E44A25265E373A0013F216 /* CYLBaseViewController.h */ = {isa = PBXFileReference; fileEncoding = 4; lastKnownFileType = sourcecode.c.h; path = CYLBaseViewController.h; sourceTree = "<group>"; };
		80E44A26265E373A0013F216 /* UITabBarItem+CYLTabBarControllerExtention.m */ = {isa = PBXFileReference; fileEncoding = 4; lastKnownFileType = sourcecode.c.objc; path = "UITabBarItem+CYLTabBarControllerExtention.m"; sourceTree = "<group>"; };
		80E44A27265E373A0013F216 /* CYLConstants.h */ = {isa = PBXFileReference; fileEncoding = 4; lastKnownFileType = sourcecode.c.h; path = CYLConstants.h; sourceTree = "<group>"; };
		80E44A28265E373A0013F216 /* UIViewController+CYLNavigationControllerExtention.h */ = {isa = PBXFileReference; fileEncoding = 4; lastKnownFileType = sourcecode.c.h; path = "UIViewController+CYLNavigationControllerExtention.h"; sourceTree = "<group>"; };
		80E44A29265E373A0013F216 /* CYLTabBarController.m */ = {isa = PBXFileReference; fileEncoding = 4; lastKnownFileType = sourcecode.c.objc; path = CYLTabBarController.m; sourceTree = "<group>"; };
		80E44A2A265E373A0013F216 /* CYLBaseNavigationController.m */ = {isa = PBXFileReference; fileEncoding = 4; lastKnownFileType = sourcecode.c.objc; path = CYLBaseNavigationController.m; sourceTree = "<group>"; };
		80E44A2B265E373A0013F216 /* UIViewController+CYLTabBarControllerExtention.h */ = {isa = PBXFileReference; fileEncoding = 4; lastKnownFileType = sourcecode.c.h; path = "UIViewController+CYLTabBarControllerExtention.h"; sourceTree = "<group>"; };
		80E44A2C265E373A0013F216 /* UITabBarItem+CYLBadgeExtention.m */ = {isa = PBXFileReference; fileEncoding = 4; lastKnownFileType = sourcecode.c.objc; path = "UITabBarItem+CYLBadgeExtention.m"; sourceTree = "<group>"; };
		80E44A2D265E373A0013F216 /* CYLBaseTableViewController.h */ = {isa = PBXFileReference; fileEncoding = 4; lastKnownFileType = sourcecode.c.h; path = CYLBaseTableViewController.h; sourceTree = "<group>"; };
		80E44A2E265E373A0013F216 /* UIBarButtonItem+CYLBadgeExtention.h */ = {isa = PBXFileReference; fileEncoding = 4; lastKnownFileType = sourcecode.c.h; path = "UIBarButtonItem+CYLBadgeExtention.h"; sourceTree = "<group>"; };
		80E44A2F265E373A0013F216 /* UIView+CYLBadgeExtention.m */ = {isa = PBXFileReference; fileEncoding = 4; lastKnownFileType = sourcecode.c.objc; path = "UIView+CYLBadgeExtention.m"; sourceTree = "<group>"; };
		80E44A30265E373A0013F216 /* CAAnimation+CYLBadgeExtention.m */ = {isa = PBXFileReference; fileEncoding = 4; lastKnownFileType = sourcecode.c.objc; path = "CAAnimation+CYLBadgeExtention.m"; sourceTree = "<group>"; };
		80E44A31265E373A0013F216 /* CYLTabBar+CYLTabBarControllerExtention.m */ = {isa = PBXFileReference; fileEncoding = 4; lastKnownFileType = sourcecode.c.objc; path = "CYLTabBar+CYLTabBarControllerExtention.m"; sourceTree = "<group>"; };
		80E44A32265E373A0013F216 /* CYLTabBar.m */ = {isa = PBXFileReference; fileEncoding = 4; lastKnownFileType = sourcecode.c.objc; path = CYLTabBar.m; sourceTree = "<group>"; };
		80E44A33265E373A0013F216 /* CYLPlusButton.m */ = {isa = PBXFileReference; fileEncoding = 4; lastKnownFileType = sourcecode.c.objc; path = CYLPlusButton.m; sourceTree = "<group>"; };
		80E44A34265E373A0013F216 /* UIColor+CYLTabBarControllerExtention.h */ = {isa = PBXFileReference; fileEncoding = 4; lastKnownFileType = sourcecode.c.h; path = "UIColor+CYLTabBarControllerExtention.h"; sourceTree = "<group>"; };
		80E44A35265E373A0013F216 /* UIImage+CYLTabBarControllerExtention.m */ = {isa = PBXFileReference; fileEncoding = 4; lastKnownFileType = sourcecode.c.objc; path = "UIImage+CYLTabBarControllerExtention.m"; sourceTree = "<group>"; };
		80E44A36265E373A0013F216 /* UIViewController+CYLNavigationControllerExtention.m */ = {isa = PBXFileReference; fileEncoding = 4; lastKnownFileType = sourcecode.c.objc; path = "UIViewController+CYLNavigationControllerExtention.m"; sourceTree = "<group>"; };
		80E44A37265E373A0013F216 /* UITabBarItem+CYLTabBarControllerExtention.h */ = {isa = PBXFileReference; fileEncoding = 4; lastKnownFileType = sourcecode.c.h; path = "UITabBarItem+CYLTabBarControllerExtention.h"; sourceTree = "<group>"; };
		80E44A38265E373A0013F216 /* CYLBaseViewController.m */ = {isa = PBXFileReference; fileEncoding = 4; lastKnownFileType = sourcecode.c.objc; path = CYLBaseViewController.m; sourceTree = "<group>"; };
		80E44A39265E373A0013F216 /* CYLBadgeProtocol.h */ = {isa = PBXFileReference; fileEncoding = 4; lastKnownFileType = sourcecode.c.h; path = CYLBadgeProtocol.h; sourceTree = "<group>"; };
		80E44A3A265E373A0013F216 /* UIView+CYLTabBarControllerExtention.h */ = {isa = PBXFileReference; fileEncoding = 4; lastKnownFileType = sourcecode.c.h; path = "UIView+CYLTabBarControllerExtention.h"; sourceTree = "<group>"; };
		80E44A3B265E373A0013F216 /* UIControl+CYLTabBarControllerExtention.m */ = {isa = PBXFileReference; fileEncoding = 4; lastKnownFileType = sourcecode.c.objc; path = "UIControl+CYLTabBarControllerExtention.m"; sourceTree = "<group>"; };
		80E44A3C265E373A0013F216 /* NSObject+CYLTabBarControllerExtention.h */ = {isa = PBXFileReference; fileEncoding = 4; lastKnownFileType = sourcecode.c.h; path = "NSObject+CYLTabBarControllerExtention.h"; sourceTree = "<group>"; };
		80E44A3D265E373A0013F216 /* UIViewController+CYLTabBarControllerExtention.m */ = {isa = PBXFileReference; fileEncoding = 4; lastKnownFileType = sourcecode.c.objc; path = "UIViewController+CYLTabBarControllerExtention.m"; sourceTree = "<group>"; };
		80E44A3E265E373A0013F216 /* CYLBaseNavigationController.h */ = {isa = PBXFileReference; fileEncoding = 4; lastKnownFileType = sourcecode.c.h; path = CYLBaseNavigationController.h; sourceTree = "<group>"; };
		80E44A3F265E373A0013F216 /* CYLTabBarController.h */ = {isa = PBXFileReference; fileEncoding = 4; lastKnownFileType = sourcecode.c.h; path = CYLTabBarController.h; sourceTree = "<group>"; };
		80E44A57265E37520013F216 /* EasyNavigationView+Add.m */ = {isa = PBXFileReference; fileEncoding = 4; lastKnownFileType = sourcecode.c.objc; path = "EasyNavigationView+Add.m"; sourceTree = "<group>"; };
		80E44A58265E37520013F216 /* EasyNavigationController.m */ = {isa = PBXFileReference; fileEncoding = 4; lastKnownFileType = sourcecode.c.objc; path = EasyNavigationController.m; sourceTree = "<group>"; };
		80E44A59265E37520013F216 /* EasyNavigationButton.h */ = {isa = PBXFileReference; fileEncoding = 4; lastKnownFileType = sourcecode.c.h; path = EasyNavigationButton.h; sourceTree = "<group>"; };
		80E44A5A265E37520013F216 /* EasyNavigationOptions.m */ = {isa = PBXFileReference; fileEncoding = 4; lastKnownFileType = sourcecode.c.objc; path = EasyNavigationOptions.m; sourceTree = "<group>"; };
		80E44A5B265E37520013F216 /* EasyNavigationScroll.m */ = {isa = PBXFileReference; fileEncoding = 4; lastKnownFileType = sourcecode.c.objc; path = EasyNavigationScroll.m; sourceTree = "<group>"; };
		80E44A5C265E37520013F216 /* EasyNavigationView.m */ = {isa = PBXFileReference; fileEncoding = 4; lastKnownFileType = sourcecode.c.objc; path = EasyNavigationView.m; sourceTree = "<group>"; };
		80E44A5D265E37520013F216 /* EasyNavigationView+Scroll.h */ = {isa = PBXFileReference; fileEncoding = 4; lastKnownFileType = sourcecode.c.h; path = "EasyNavigationView+Scroll.h"; sourceTree = "<group>"; };
		80E44A5E265E37520013F216 /* EasyNavigation.h */ = {isa = PBXFileReference; fileEncoding = 4; lastKnownFileType = sourcecode.c.h; path = EasyNavigation.h; sourceTree = "<group>"; };
		80E44A60265E37520013F216 /* UITableViewController+EasyNavigationExt.m */ = {isa = PBXFileReference; fileEncoding = 4; lastKnownFileType = sourcecode.c.objc; path = "UITableViewController+EasyNavigationExt.m"; sourceTree = "<group>"; };
		80E44A61265E37520013F216 /* NSObject+EasyKVO.m */ = {isa = PBXFileReference; fileEncoding = 4; lastKnownFileType = sourcecode.c.objc; path = "NSObject+EasyKVO.m"; sourceTree = "<group>"; };
		80E44A62265E37520013F216 /* UIScrollView+EasyNavigationExt.h */ = {isa = PBXFileReference; fileEncoding = 4; lastKnownFileType = sourcecode.c.h; path = "UIScrollView+EasyNavigationExt.h"; sourceTree = "<group>"; };
		80E44A63265E37520013F216 /* EasyKVOInfo.m */ = {isa = PBXFileReference; fileEncoding = 4; lastKnownFileType = sourcecode.c.objc; path = EasyKVOInfo.m; sourceTree = "<group>"; };
		80E44A64265E37520013F216 /* UIView+EasyNavigationExt.m */ = {isa = PBXFileReference; fileEncoding = 4; lastKnownFileType = sourcecode.c.objc; path = "UIView+EasyNavigationExt.m"; sourceTree = "<group>"; };
		80E44A65265E37520013F216 /* UIViewController+EasyNavigationExt.h */ = {isa = PBXFileReference; fileEncoding = 4; lastKnownFileType = sourcecode.c.h; path = "UIViewController+EasyNavigationExt.h"; sourceTree = "<group>"; };
		80E44A66265E37520013F216 /* EasyKVOInfo.h */ = {isa = PBXFileReference; fileEncoding = 4; lastKnownFileType = sourcecode.c.h; path = EasyKVOInfo.h; sourceTree = "<group>"; };
		80E44A67265E37520013F216 /* UIScrollView+EasyNavigationExt.m */ = {isa = PBXFileReference; fileEncoding = 4; lastKnownFileType = sourcecode.c.objc; path = "UIScrollView+EasyNavigationExt.m"; sourceTree = "<group>"; };
		80E44A68265E37520013F216 /* NSObject+EasyKVO.h */ = {isa = PBXFileReference; fileEncoding = 4; lastKnownFileType = sourcecode.c.h; path = "NSObject+EasyKVO.h"; sourceTree = "<group>"; };
		80E44A69265E37520013F216 /* UITableViewController+EasyNavigationExt.h */ = {isa = PBXFileReference; fileEncoding = 4; lastKnownFileType = sourcecode.c.h; path = "UITableViewController+EasyNavigationExt.h"; sourceTree = "<group>"; };
		80E44A6A265E37520013F216 /* UIView+EasyNavigationExt.h */ = {isa = PBXFileReference; fileEncoding = 4; lastKnownFileType = sourcecode.c.h; path = "UIView+EasyNavigationExt.h"; sourceTree = "<group>"; };
		80E44A6B265E37520013F216 /* UIViewController+EasyNavigationExt.m */ = {isa = PBXFileReference; fileEncoding = 4; lastKnownFileType = sourcecode.c.objc; path = "UIViewController+EasyNavigationExt.m"; sourceTree = "<group>"; };
		80E44A6C265E37520013F216 /* EasyNavigationUtils.m */ = {isa = PBXFileReference; fileEncoding = 4; lastKnownFileType = sourcecode.c.objc; path = EasyNavigationUtils.m; sourceTree = "<group>"; };
		80E44A6E265E37520013F216 /* EasyNavigationView+RightButton.h */ = {isa = PBXFileReference; fileEncoding = 4; lastKnownFileType = sourcecode.c.h; path = "EasyNavigationView+RightButton.h"; sourceTree = "<group>"; };
		80E44A6F265E37520013F216 /* EasyNavigationView+LeftButton.m */ = {isa = PBXFileReference; fileEncoding = 4; lastKnownFileType = sourcecode.c.objc; path = "EasyNavigationView+LeftButton.m"; sourceTree = "<group>"; };
		80E44A70265E37520013F216 /* EasyNavigationView+RightButton.m */ = {isa = PBXFileReference; fileEncoding = 4; lastKnownFileType = sourcecode.c.objc; path = "EasyNavigationView+RightButton.m"; sourceTree = "<group>"; };
		80E44A71265E37520013F216 /* EasyNavButton.bundle */ = {isa = PBXFileReference; lastKnownFileType = "wrapper.plug-in"; path = EasyNavButton.bundle; sourceTree = "<group>"; };
		80E44A72265E37520013F216 /* EasyNavigationView+LeftButton.h */ = {isa = PBXFileReference; fileEncoding = 4; lastKnownFileType = sourcecode.c.h; path = "EasyNavigationView+LeftButton.h"; sourceTree = "<group>"; };
		80E44A73265E37520013F216 /* EasyNavigationScroll.h */ = {isa = PBXFileReference; fileEncoding = 4; lastKnownFileType = sourcecode.c.h; path = EasyNavigationScroll.h; sourceTree = "<group>"; };
		80E44A74265E37520013F216 /* EasyNavigationOptions.h */ = {isa = PBXFileReference; fileEncoding = 4; lastKnownFileType = sourcecode.c.h; path = EasyNavigationOptions.h; sourceTree = "<group>"; };
		80E44A75265E37520013F216 /* EasyNavigationButton.m */ = {isa = PBXFileReference; fileEncoding = 4; lastKnownFileType = sourcecode.c.objc; path = EasyNavigationButton.m; sourceTree = "<group>"; };
		80E44A76265E37520013F216 /* EasyNavigationController.h */ = {isa = PBXFileReference; fileEncoding = 4; lastKnownFileType = sourcecode.c.h; path = EasyNavigationController.h; sourceTree = "<group>"; };
		80E44A77265E37520013F216 /* EasyNavigationView+Add.h */ = {isa = PBXFileReference; fileEncoding = 4; lastKnownFileType = sourcecode.c.h; path = "EasyNavigationView+Add.h"; sourceTree = "<group>"; };
		80E44A78265E37520013F216 /* EasyNavigationView+Scroll.m */ = {isa = PBXFileReference; fileEncoding = 4; lastKnownFileType = sourcecode.c.objc; path = "EasyNavigationView+Scroll.m"; sourceTree = "<group>"; };
		80E44A79265E37520013F216 /* EasyNavigationView.h */ = {isa = PBXFileReference; fileEncoding = 4; lastKnownFileType = sourcecode.c.h; path = EasyNavigationView.h; sourceTree = "<group>"; };
		80E44A7A265E37520013F216 /* EasyNavigationUtils.h */ = {isa = PBXFileReference; fileEncoding = 4; lastKnownFileType = sourcecode.c.h; path = EasyNavigationUtils.h; sourceTree = "<group>"; };
		80E44A90265E37590013F216 /* MASCompositeConstraint.h */ = {isa = PBXFileReference; fileEncoding = 4; lastKnownFileType = sourcecode.c.h; path = MASCompositeConstraint.h; sourceTree = "<group>"; };
		80E44A91265E37590013F216 /* NSLayoutConstraint+MASDebugAdditions.m */ = {isa = PBXFileReference; fileEncoding = 4; lastKnownFileType = sourcecode.c.objc; path = "NSLayoutConstraint+MASDebugAdditions.m"; sourceTree = "<group>"; };
		80E44A92265E37590013F216 /* MASConstraint+Private.h */ = {isa = PBXFileReference; fileEncoding = 4; lastKnownFileType = sourcecode.c.h; path = "MASConstraint+Private.h"; sourceTree = "<group>"; };
		80E44A93265E37590013F216 /* MASLayoutConstraint.h */ = {isa = PBXFileReference; fileEncoding = 4; lastKnownFileType = sourcecode.c.h; path = MASLayoutConstraint.h; sourceTree = "<group>"; };
		80E44A94265E37590013F216 /* NSArray+MASShorthandAdditions.h */ = {isa = PBXFileReference; fileEncoding = 4; lastKnownFileType = sourcecode.c.h; path = "NSArray+MASShorthandAdditions.h"; sourceTree = "<group>"; };
		80E44A95265E37590013F216 /* MASConstraintMaker.h */ = {isa = PBXFileReference; fileEncoding = 4; lastKnownFileType = sourcecode.c.h; path = MASConstraintMaker.h; sourceTree = "<group>"; };
		80E44A96265E37590013F216 /* View+MASAdditions.h */ = {isa = PBXFileReference; fileEncoding = 4; lastKnownFileType = sourcecode.c.h; path = "View+MASAdditions.h"; sourceTree = "<group>"; };
		80E44A97265E37590013F216 /* NSArray+MASAdditions.h */ = {isa = PBXFileReference; fileEncoding = 4; lastKnownFileType = sourcecode.c.h; path = "NSArray+MASAdditions.h"; sourceTree = "<group>"; };
		80E44A98265E37590013F216 /* MASUtilities.h */ = {isa = PBXFileReference; fileEncoding = 4; lastKnownFileType = sourcecode.c.h; path = MASUtilities.h; sourceTree = "<group>"; };
		80E44A99265E37590013F216 /* MASViewAttribute.h */ = {isa = PBXFileReference; fileEncoding = 4; lastKnownFileType = sourcecode.c.h; path = MASViewAttribute.h; sourceTree = "<group>"; };
		80E44A9A265E37590013F216 /* ViewController+MASAdditions.m */ = {isa = PBXFileReference; fileEncoding = 4; lastKnownFileType = sourcecode.c.objc; path = "ViewController+MASAdditions.m"; sourceTree = "<group>"; };
		80E44A9B265E37590013F216 /* MASViewConstraint.h */ = {isa = PBXFileReference; fileEncoding = 4; lastKnownFileType = sourcecode.c.h; path = MASViewConstraint.h; sourceTree = "<group>"; };
		80E44A9C265E37590013F216 /* MASConstraint.h */ = {isa = PBXFileReference; fileEncoding = 4; lastKnownFileType = sourcecode.c.h; path = MASConstraint.h; sourceTree = "<group>"; };
		80E44A9D265E37590013F216 /* NSLayoutConstraint+MASDebugAdditions.h */ = {isa = PBXFileReference; fileEncoding = 4; lastKnownFileType = sourcecode.c.h; path = "NSLayoutConstraint+MASDebugAdditions.h"; sourceTree = "<group>"; };
		80E44A9E265E37590013F216 /* MASCompositeConstraint.m */ = {isa = PBXFileReference; fileEncoding = 4; lastKnownFileType = sourcecode.c.objc; path = MASCompositeConstraint.m; sourceTree = "<group>"; };
		80E44A9F265E37590013F216 /* MASConstraintMaker.m */ = {isa = PBXFileReference; fileEncoding = 4; lastKnownFileType = sourcecode.c.objc; path = MASConstraintMaker.m; sourceTree = "<group>"; };
		80E44AA0265E37590013F216 /* MASLayoutConstraint.m */ = {isa = PBXFileReference; fileEncoding = 4; lastKnownFileType = sourcecode.c.objc; path = MASLayoutConstraint.m; sourceTree = "<group>"; };
		80E44AA1265E37590013F216 /* NSArray+MASAdditions.m */ = {isa = PBXFileReference; fileEncoding = 4; lastKnownFileType = sourcecode.c.objc; path = "NSArray+MASAdditions.m"; sourceTree = "<group>"; };
		80E44AA2265E37590013F216 /* View+MASAdditions.m */ = {isa = PBXFileReference; fileEncoding = 4; lastKnownFileType = sourcecode.c.objc; path = "View+MASAdditions.m"; sourceTree = "<group>"; };
		80E44AA3265E37590013F216 /* View+MASShorthandAdditions.h */ = {isa = PBXFileReference; fileEncoding = 4; lastKnownFileType = sourcecode.c.h; path = "View+MASShorthandAdditions.h"; sourceTree = "<group>"; };
		80E44AA4265E37590013F216 /* Masonry.h */ = {isa = PBXFileReference; fileEncoding = 4; lastKnownFileType = sourcecode.c.h; path = Masonry.h; sourceTree = "<group>"; };
		80E44AA5265E37590013F216 /* MASConstraint.m */ = {isa = PBXFileReference; fileEncoding = 4; lastKnownFileType = sourcecode.c.objc; path = MASConstraint.m; sourceTree = "<group>"; };
		80E44AA6265E37590013F216 /* ViewController+MASAdditions.h */ = {isa = PBXFileReference; fileEncoding = 4; lastKnownFileType = sourcecode.c.h; path = "ViewController+MASAdditions.h"; sourceTree = "<group>"; };
		80E44AA7265E37590013F216 /* MASViewConstraint.m */ = {isa = PBXFileReference; fileEncoding = 4; lastKnownFileType = sourcecode.c.objc; path = MASViewConstraint.m; sourceTree = "<group>"; };
		80E44AA8265E37590013F216 /* MASViewAttribute.m */ = {isa = PBXFileReference; fileEncoding = 4; lastKnownFileType = sourcecode.c.objc; path = MASViewAttribute.m; sourceTree = "<group>"; };
		80E44AAA265E37590013F216 /* UIImage+WebP.m */ = {isa = PBXFileReference; fileEncoding = 4; lastKnownFileType = sourcecode.c.objc; path = "UIImage+WebP.m"; sourceTree = "<group>"; };
		80E44AAB265E37590013F216 /* MKAnnotationView+WebCache.m */ = {isa = PBXFileReference; fileEncoding = 4; lastKnownFileType = sourcecode.c.objc; path = "MKAnnotationView+WebCache.m"; sourceTree = "<group>"; };
		80E44AAC265E37590013F216 /* UIImageView+WebCache.h */ = {isa = PBXFileReference; fileEncoding = 4; lastKnownFileType = sourcecode.c.h; path = "UIImageView+WebCache.h"; sourceTree = "<group>"; };
		80E44AAD265E37590013F216 /* NSData+ImageContentType.h */ = {isa = PBXFileReference; fileEncoding = 4; lastKnownFileType = sourcecode.c.h; path = "NSData+ImageContentType.h"; sourceTree = "<group>"; };
		80E44AAE265E37590013F216 /* SDWebImageManager.m */ = {isa = PBXFileReference; fileEncoding = 4; lastKnownFileType = sourcecode.c.objc; path = SDWebImageManager.m; sourceTree = "<group>"; };
		80E44AAF265E37590013F216 /* SDWebImageDecoder.m */ = {isa = PBXFileReference; fileEncoding = 4; lastKnownFileType = sourcecode.c.objc; path = SDWebImageDecoder.m; sourceTree = "<group>"; };
		80E44AB0265E37590013F216 /* SDWebImageDownloaderOperation.h */ = {isa = PBXFileReference; fileEncoding = 4; lastKnownFileType = sourcecode.c.h; path = SDWebImageDownloaderOperation.h; sourceTree = "<group>"; };
		80E44AB1265E37590013F216 /* UIImageView+HighlightedWebCache.m */ = {isa = PBXFileReference; fileEncoding = 4; lastKnownFileType = sourcecode.c.objc; path = "UIImageView+HighlightedWebCache.m"; sourceTree = "<group>"; };
		80E44AB2265E37590013F216 /* SDImageCache.h */ = {isa = PBXFileReference; fileEncoding = 4; lastKnownFileType = sourcecode.c.h; path = SDImageCache.h; sourceTree = "<group>"; };
		80E44AB3265E37590013F216 /* SDWebImageDownloader.m */ = {isa = PBXFileReference; fileEncoding = 4; lastKnownFileType = sourcecode.c.objc; path = SDWebImageDownloader.m; sourceTree = "<group>"; };
		80E44AB4265E37590013F216 /* UIImage+GIF.m */ = {isa = PBXFileReference; fileEncoding = 4; lastKnownFileType = sourcecode.c.objc; path = "UIImage+GIF.m"; sourceTree = "<group>"; };
		80E44AB5265E37590013F216 /* UIButton+WebCache.h */ = {isa = PBXFileReference; fileEncoding = 4; lastKnownFileType = sourcecode.c.h; path = "UIButton+WebCache.h"; sourceTree = "<group>"; };
		80E44AB6265E37590013F216 /* UIImage+MultiFormat.m */ = {isa = PBXFileReference; fileEncoding = 4; lastKnownFileType = sourcecode.c.objc; path = "UIImage+MultiFormat.m"; sourceTree = "<group>"; };
		80E44AB7265E37590013F216 /* SDWebImageCompat.m */ = {isa = PBXFileReference; fileEncoding = 4; lastKnownFileType = sourcecode.c.objc; path = SDWebImageCompat.m; sourceTree = "<group>"; };
		80E44AB8265E37590013F216 /* SDWebImagePrefetcher.m */ = {isa = PBXFileReference; fileEncoding = 4; lastKnownFileType = sourcecode.c.objc; path = SDWebImagePrefetcher.m; sourceTree = "<group>"; };
		80E44AB9265E37590013F216 /* UIView+WebCacheOperation.h */ = {isa = PBXFileReference; fileEncoding = 4; lastKnownFileType = sourcecode.c.h; path = "UIView+WebCacheOperation.h"; sourceTree = "<group>"; };
		80E44ABA265E37590013F216 /* MKAnnotationView+WebCache.h */ = {isa = PBXFileReference; fileEncoding = 4; lastKnownFileType = sourcecode.c.h; path = "MKAnnotationView+WebCache.h"; sourceTree = "<group>"; };
		80E44ABB265E37590013F216 /* UIImage+WebP.h */ = {isa = PBXFileReference; fileEncoding = 4; lastKnownFileType = sourcecode.c.h; path = "UIImage+WebP.h"; sourceTree = "<group>"; };
		80E44ABC265E37590013F216 /* SDImageCache.m */ = {isa = PBXFileReference; fileEncoding = 4; lastKnownFileType = sourcecode.c.objc; path = SDImageCache.m; sourceTree = "<group>"; };
		80E44ABD265E37590013F216 /* UIImageView+HighlightedWebCache.h */ = {isa = PBXFileReference; fileEncoding = 4; lastKnownFileType = sourcecode.c.h; path = "UIImageView+HighlightedWebCache.h"; sourceTree = "<group>"; };
		80E44ABE265E37590013F216 /* SDWebImageDownloaderOperation.m */ = {isa = PBXFileReference; fileEncoding = 4; lastKnownFileType = sourcecode.c.objc; path = SDWebImageDownloaderOperation.m; sourceTree = "<group>"; };
		80E44ABF265E37590013F216 /* SDWebImageDecoder.h */ = {isa = PBXFileReference; fileEncoding = 4; lastKnownFileType = sourcecode.c.h; path = SDWebImageDecoder.h; sourceTree = "<group>"; };
		80E44AC0265E37590013F216 /* SDWebImageManager.h */ = {isa = PBXFileReference; fileEncoding = 4; lastKnownFileType = sourcecode.c.h; path = SDWebImageManager.h; sourceTree = "<group>"; };
		80E44AC1265E37590013F216 /* NSData+ImageContentType.m */ = {isa = PBXFileReference; fileEncoding = 4; lastKnownFileType = sourcecode.c.objc; path = "NSData+ImageContentType.m"; sourceTree = "<group>"; };
		80E44AC2265E37590013F216 /* UIImageView+WebCache.m */ = {isa = PBXFileReference; fileEncoding = 4; lastKnownFileType = sourcecode.c.objc; path = "UIImageView+WebCache.m"; sourceTree = "<group>"; };
		80E44AC3265E37590013F216 /* SDWebImageOperation.h */ = {isa = PBXFileReference; fileEncoding = 4; lastKnownFileType = sourcecode.c.h; path = SDWebImageOperation.h; sourceTree = "<group>"; };
		80E44AC4265E37590013F216 /* SDWebImageDownloader.h */ = {isa = PBXFileReference; fileEncoding = 4; lastKnownFileType = sourcecode.c.h; path = SDWebImageDownloader.h; sourceTree = "<group>"; };
		80E44AC5265E37590013F216 /* UIView+WebCacheOperation.m */ = {isa = PBXFileReference; fileEncoding = 4; lastKnownFileType = sourcecode.c.objc; path = "UIView+WebCacheOperation.m"; sourceTree = "<group>"; };
		80E44AC6265E37590013F216 /* SDWebImagePrefetcher.h */ = {isa = PBXFileReference; fileEncoding = 4; lastKnownFileType = sourcecode.c.h; path = SDWebImagePrefetcher.h; sourceTree = "<group>"; };
		80E44AC7265E37590013F216 /* SDWebImageCompat.h */ = {isa = PBXFileReference; fileEncoding = 4; lastKnownFileType = sourcecode.c.h; path = SDWebImageCompat.h; sourceTree = "<group>"; };
		80E44AC8265E37590013F216 /* UIImage+MultiFormat.h */ = {isa = PBXFileReference; fileEncoding = 4; lastKnownFileType = sourcecode.c.h; path = "UIImage+MultiFormat.h"; sourceTree = "<group>"; };
		80E44AC9265E37590013F216 /* UIButton+WebCache.m */ = {isa = PBXFileReference; fileEncoding = 4; lastKnownFileType = sourcecode.c.objc; path = "UIButton+WebCache.m"; sourceTree = "<group>"; };
		80E44ACA265E37590013F216 /* UIImage+GIF.h */ = {isa = PBXFileReference; fileEncoding = 4; lastKnownFileType = sourcecode.c.h; path = "UIImage+GIF.h"; sourceTree = "<group>"; };
		80E44AE9265E37990013F216 /* FileManager.h */ = {isa = PBXFileReference; fileEncoding = 4; lastKnownFileType = sourcecode.c.h; path = FileManager.h; sourceTree = "<group>"; };
		80E44AEA265E37990013F216 /* FileManager.mm */ = {isa = PBXFileReference; fileEncoding = 4; lastKnownFileType = sourcecode.cpp.objcpp; path = FileManager.mm; sourceTree = "<group>"; };
		80E44AF9265E39F10013F216 /* Edi_Tablebar.h */ = {isa = PBXFileReference; lastKnownFileType = sourcecode.c.h; path = Edi_Tablebar.h; sourceTree = "<group>"; };
		80E44AFA265E39F10013F216 /* Edi_Tablebar.m */ = {isa = PBXFileReference; lastKnownFileType = sourcecode.c.objc; path = Edi_Tablebar.m; sourceTree = "<group>"; };
		80E44AFF265E3A6A0013F216 /* Edi.pch */ = {isa = PBXFileReference; lastKnownFileType = sourcecode.c.h; path = Edi.pch; sourceTree = "<group>"; };
		80E44B0A265E3C320013F216 /* Edi_QmVC.h */ = {isa = PBXFileReference; lastKnownFileType = sourcecode.c.h; path = Edi_QmVC.h; sourceTree = "<group>"; };
		80E44B0B265E3C320013F216 /* Edi_QmVC.m */ = {isa = PBXFileReference; lastKnownFileType = sourcecode.c.objc; path = Edi_QmVC.m; sourceTree = "<group>"; };
		80E44B14265E3C3E0013F216 /* Edi_JmVC.h */ = {isa = PBXFileReference; lastKnownFileType = sourcecode.c.h; path = Edi_JmVC.h; sourceTree = "<group>"; };
		80E44B15265E3C3E0013F216 /* Edi_JmVC.m */ = {isa = PBXFileReference; lastKnownFileType = sourcecode.c.objc; path = Edi_JmVC.m; sourceTree = "<group>"; };
		80E44B1A265E3C470013F216 /* Edi_FxVC.h */ = {isa = PBXFileReference; lastKnownFileType = sourcecode.c.h; path = Edi_FxVC.h; sourceTree = "<group>"; };
		80E44B1B265E3C470013F216 /* Edi_FxVC.m */ = {isa = PBXFileReference; lastKnownFileType = sourcecode.c.objc; path = Edi_FxVC.m; sourceTree = "<group>"; };
		80E44B20265E3C500013F216 /* Edi_WdVC.h */ = {isa = PBXFileReference; lastKnownFileType = sourcecode.c.h; path = Edi_WdVC.h; sourceTree = "<group>"; };
		80E44B21265E3C500013F216 /* Edi_WdVC.m */ = {isa = PBXFileReference; lastKnownFileType = sourcecode.c.objc; path = Edi_WdVC.m; sourceTree = "<group>"; };
		80E44B27265E3CD50013F216 /* libsqlite3.0.tbd */ = {isa = PBXFileReference; lastKnownFileType = "sourcecode.text-based-dylib-definition"; name = libsqlite3.0.tbd; path = usr/lib/libsqlite3.0.tbd; sourceTree = SDKROOT; };
/* End PBXFileReference section */

/* Begin PBXFrameworksBuildPhase section */
		80E449CF265E2ED90013F216 /* Frameworks */ = {
			isa = PBXFrameworksBuildPhase;
			buildActionMask = 2147483647;
			files = (
				80E44B28265E3CD90013F216 /* libsqlite3.0.tbd in Frameworks */,
			);
			runOnlyForDeploymentPostprocessing = 0;
		};
		80E449EA265E2EDC0013F216 /* Frameworks */ = {
			isa = PBXFrameworksBuildPhase;
			buildActionMask = 2147483647;
			files = (
			);
			runOnlyForDeploymentPostprocessing = 0;
		};
		80E449F5265E2EDC0013F216 /* Frameworks */ = {
			isa = PBXFrameworksBuildPhase;
			buildActionMask = 2147483647;
			files = (
			);
			runOnlyForDeploymentPostprocessing = 0;
		};
/* End PBXFrameworksBuildPhase section */

/* Begin PBXGroup section */
		216CCBD4265E3B690023BE10 /* fmdb */ = {
			isa = PBXGroup;
			children = (
				216CCBD5265E3B690023BE10 /* FMDatabase.h */,
				216CCBD6265E3B690023BE10 /* FMDatabaseQueue.m */,
				216CCBD7265E3B690023BE10 /* FMResultSet.h */,
				216CCBD8265E3B690023BE10 /* FMDatabasePool.h */,
				216CCBD9265E3B690023BE10 /* FMDatabaseAdditions.m */,
				216CCBDA265E3B690023BE10 /* FMDatabase.m */,
				216CCBDB265E3B690023BE10 /* FMDatabaseQueue.h */,
				216CCBDC265E3B690023BE10 /* FMDB.h */,
				216CCBDD265E3B690023BE10 /* FMDatabaseAdditions.h */,
				216CCBDE265E3B690023BE10 /* FMDatabasePool.m */,
				216CCBDF265E3B690023BE10 /* FMResultSet.m */,
				216CCBE0265E3B690023BE10 /* Info.plist */,
			);
			path = fmdb;
			sourceTree = "<group>";
		};
		80E449C9265E2ED90013F216 = {
			isa = PBXGroup;
			children = (
				80E449D4265E2ED90013F216 /* 起名大全 */,
				80E449F0265E2EDC0013F216 /* 起名大全Tests */,
				80E449FB265E2EDC0013F216 /* 起名大全UITests */,
				80E449D3265E2ED90013F216 /* Products */,
				80E44B26265E3CD40013F216 /* Frameworks */,
			);
			sourceTree = "<group>";
		};
		80E449D3265E2ED90013F216 /* Products */ = {
			isa = PBXGroup;
			children = (
				80E449D2265E2ED90013F216 /* 起名大全.app */,
				80E449ED265E2EDC0013F216 /* 起名大全Tests.xctest */,
				80E449F8265E2EDC0013F216 /* 起名大全UITests.xctest */,
			);
			name = Products;
			sourceTree = "<group>";
		};
		80E449D4265E2ED90013F216 /* 起名大全 */ = {
			isa = PBXGroup;
			children = (
				80E44B09265E3C1B0013F216 /* Edi_Wd */,
				80E44B08265E3C160013F216 /* Edi_Fx */,
				80E44B07265E3C110013F216 /* Edi_Jm */,
				80E44B06265E3C010013F216 /* Edi_Qm */,
				80E44AF2265E39370013F216 /* Edi_Tablebar */,
				80E44A16265E36E20013F216 /* Edi_Ku */,
				80E44AFF265E3A6A0013F216 /* Edi.pch */,
				80E449D5265E2ED90013F216 /* AppDelegate.h */,
				80E449D6265E2ED90013F216 /* AppDelegate.m */,
				80E449DE265E2ED90013F216 /* Main.storyboard */,
				80E449E1265E2EDC0013F216 /* Assets.xcassets */,
				80E449E3265E2EDC0013F216 /* LaunchScreen.storyboard */,
				80E449E6265E2EDC0013F216 /* Info.plist */,
				80E449E7265E2EDC0013F216 /* main.m */,
			);
			path = "起名大全";
			sourceTree = "<group>";
		};
		80E449F0265E2EDC0013F216 /* 起名大全Tests */ = {
			isa = PBXGroup;
			children = (
				80E449F1265E2EDC0013F216 /* ____Tests.m */,
				80E449F3265E2EDC0013F216 /* Info.plist */,
			);
			path = "起名大全Tests";
			sourceTree = "<group>";
		};
		80E449FB265E2EDC0013F216 /* 起名大全UITests */ = {
			isa = PBXGroup;
			children = (
				80E449FC265E2EDC0013F216 /* ____UITests.m */,
				80E449FE265E2EDC0013F216 /* Info.plist */,
			);
			path = "起名大全UITests";
			sourceTree = "<group>";
		};
		80E44A16265E36E20013F216 /* Edi_Ku */ = {
			isa = PBXGroup;
			children = (
				216CCBD4265E3B690023BE10 /* fmdb */,
				80E44AE8265E37990013F216 /* FileMannger */,
				80E44A8F265E37590013F216 /* Masonry */,
				80E44AA9265E37590013F216 /* SDWebImage */,
				80E44A56265E37520013F216 /* EasyNavigation */,
				80E44A17265E373A0013F216 /* CYLTabBarController */,
			);
			path = Edi_Ku;
			sourceTree = "<group>";
		};
		80E44A17265E373A0013F216 /* CYLTabBarController */ = {
			isa = PBXGroup;
			children = (
				80E44A18265E373A0013F216 /* UIBarButtonItem+CYLBadgeExtention.m */,
				80E44A19265E373A0013F216 /* CYLBaseTableViewController.m */,
				80E44A1A265E373A0013F216 /* UITabBarItem+CYLBadgeExtention.h */,
				80E44A1B265E373A0013F216 /* UIImage+CYLTabBarControllerExtention.h */,
				80E44A1C265E373A0013F216 /* UIColor+CYLTabBarControllerExtention.m */,
				80E44A1D265E373A0013F216 /* CYLPlusButton.h */,
				80E44A1E265E373A0013F216 /* CYLTabBar.h */,
				80E44A1F265E373A0013F216 /* CYLTabBar+CYLTabBarControllerExtention.h */,
				80E44A20265E373A0013F216 /* CAAnimation+CYLBadgeExtention.h */,
				80E44A21265E373A0013F216 /* UIView+CYLBadgeExtention.h */,
				80E44A22265E373A0013F216 /* UIControl+CYLTabBarControllerExtention.h */,
				80E44A23265E373A0013F216 /* UIView+CYLTabBarControllerExtention.m */,
				80E44A24265E373A0013F216 /* NSObject+CYLTabBarControllerExtention.m */,
				80E44A25265E373A0013F216 /* CYLBaseViewController.h */,
				80E44A26265E373A0013F216 /* UITabBarItem+CYLTabBarControllerExtention.m */,
				80E44A27265E373A0013F216 /* CYLConstants.h */,
				80E44A28265E373A0013F216 /* UIViewController+CYLNavigationControllerExtention.h */,
				80E44A29265E373A0013F216 /* CYLTabBarController.m */,
				80E44A2A265E373A0013F216 /* CYLBaseNavigationController.m */,
				80E44A2B265E373A0013F216 /* UIViewController+CYLTabBarControllerExtention.h */,
				80E44A2C265E373A0013F216 /* UITabBarItem+CYLBadgeExtention.m */,
				80E44A2D265E373A0013F216 /* CYLBaseTableViewController.h */,
				80E44A2E265E373A0013F216 /* UIBarButtonItem+CYLBadgeExtention.h */,
				80E44A2F265E373A0013F216 /* UIView+CYLBadgeExtention.m */,
				80E44A30265E373A0013F216 /* CAAnimation+CYLBadgeExtention.m */,
				80E44A31265E373A0013F216 /* CYLTabBar+CYLTabBarControllerExtention.m */,
				80E44A32265E373A0013F216 /* CYLTabBar.m */,
				80E44A33265E373A0013F216 /* CYLPlusButton.m */,
				80E44A34265E373A0013F216 /* UIColor+CYLTabBarControllerExtention.h */,
				80E44A35265E373A0013F216 /* UIImage+CYLTabBarControllerExtention.m */,
				80E44A36265E373A0013F216 /* UIViewController+CYLNavigationControllerExtention.m */,
				80E44A37265E373A0013F216 /* UITabBarItem+CYLTabBarControllerExtention.h */,
				80E44A38265E373A0013F216 /* CYLBaseViewController.m */,
				80E44A39265E373A0013F216 /* CYLBadgeProtocol.h */,
				80E44A3A265E373A0013F216 /* UIView+CYLTabBarControllerExtention.h */,
				80E44A3B265E373A0013F216 /* UIControl+CYLTabBarControllerExtention.m */,
				80E44A3C265E373A0013F216 /* NSObject+CYLTabBarControllerExtention.h */,
				80E44A3D265E373A0013F216 /* UIViewController+CYLTabBarControllerExtention.m */,
				80E44A3E265E373A0013F216 /* CYLBaseNavigationController.h */,
				80E44A3F265E373A0013F216 /* CYLTabBarController.h */,
			);
			path = CYLTabBarController;
			sourceTree = "<group>";
		};
		80E44A56265E37520013F216 /* EasyNavigation */ = {
			isa = PBXGroup;
			children = (
				80E44A57265E37520013F216 /* EasyNavigationView+Add.m */,
				80E44A58265E37520013F216 /* EasyNavigationController.m */,
				80E44A59265E37520013F216 /* EasyNavigationButton.h */,
				80E44A5A265E37520013F216 /* EasyNavigationOptions.m */,
				80E44A5B265E37520013F216 /* EasyNavigationScroll.m */,
				80E44A5C265E37520013F216 /* EasyNavigationView.m */,
				80E44A5D265E37520013F216 /* EasyNavigationView+Scroll.h */,
				80E44A5E265E37520013F216 /* EasyNavigation.h */,
				80E44A5F265E37520013F216 /* EasyNavExt */,
				80E44A6C265E37520013F216 /* EasyNavigationUtils.m */,
				80E44A6D265E37520013F216 /* EasyNavButton */,
				80E44A73265E37520013F216 /* EasyNavigationScroll.h */,
				80E44A74265E37520013F216 /* EasyNavigationOptions.h */,
				80E44A75265E37520013F216 /* EasyNavigationButton.m */,
				80E44A76265E37520013F216 /* EasyNavigationController.h */,
				80E44A77265E37520013F216 /* EasyNavigationView+Add.h */,
				80E44A78265E37520013F216 /* EasyNavigationView+Scroll.m */,
				80E44A79265E37520013F216 /* EasyNavigationView.h */,
				80E44A7A265E37520013F216 /* EasyNavigationUtils.h */,
			);
			path = EasyNavigation;
			sourceTree = "<group>";
		};
		80E44A5F265E37520013F216 /* EasyNavExt */ = {
			isa = PBXGroup;
			children = (
				80E44A60265E37520013F216 /* UITableViewController+EasyNavigationExt.m */,
				80E44A61265E37520013F216 /* NSObject+EasyKVO.m */,
				80E44A62265E37520013F216 /* UIScrollView+EasyNavigationExt.h */,
				80E44A63265E37520013F216 /* EasyKVOInfo.m */,
				80E44A64265E37520013F216 /* UIView+EasyNavigationExt.m */,
				80E44A65265E37520013F216 /* UIViewController+EasyNavigationExt.h */,
				80E44A66265E37520013F216 /* EasyKVOInfo.h */,
				80E44A67265E37520013F216 /* UIScrollView+EasyNavigationExt.m */,
				80E44A68265E37520013F216 /* NSObject+EasyKVO.h */,
				80E44A69265E37520013F216 /* UITableViewController+EasyNavigationExt.h */,
				80E44A6A265E37520013F216 /* UIView+EasyNavigationExt.h */,
				80E44A6B265E37520013F216 /* UIViewController+EasyNavigationExt.m */,
			);
			path = EasyNavExt;
			sourceTree = "<group>";
		};
		80E44A6D265E37520013F216 /* EasyNavButton */ = {
			isa = PBXGroup;
			children = (
				80E44A6E265E37520013F216 /* EasyNavigationView+RightButton.h */,
				80E44A6F265E37520013F216 /* EasyNavigationView+LeftButton.m */,
				80E44A70265E37520013F216 /* EasyNavigationView+RightButton.m */,
				80E44A71265E37520013F216 /* EasyNavButton.bundle */,
				80E44A72265E37520013F216 /* EasyNavigationView+LeftButton.h */,
			);
			path = EasyNavButton;
			sourceTree = "<group>";
		};
		80E44A8F265E37590013F216 /* Masonry */ = {
			isa = PBXGroup;
			children = (
				80E44A90265E37590013F216 /* MASCompositeConstraint.h */,
				80E44A91265E37590013F216 /* NSLayoutConstraint+MASDebugAdditions.m */,
				80E44A92265E37590013F216 /* MASConstraint+Private.h */,
				80E44A93265E37590013F216 /* MASLayoutConstraint.h */,
				80E44A94265E37590013F216 /* NSArray+MASShorthandAdditions.h */,
				80E44A95265E37590013F216 /* MASConstraintMaker.h */,
				80E44A96265E37590013F216 /* View+MASAdditions.h */,
				80E44A97265E37590013F216 /* NSArray+MASAdditions.h */,
				80E44A98265E37590013F216 /* MASUtilities.h */,
				80E44A99265E37590013F216 /* MASViewAttribute.h */,
				80E44A9A265E37590013F216 /* ViewController+MASAdditions.m */,
				80E44A9B265E37590013F216 /* MASViewConstraint.h */,
				80E44A9C265E37590013F216 /* MASConstraint.h */,
				80E44A9D265E37590013F216 /* NSLayoutConstraint+MASDebugAdditions.h */,
				80E44A9E265E37590013F216 /* MASCompositeConstraint.m */,
				80E44A9F265E37590013F216 /* MASConstraintMaker.m */,
				80E44AA0265E37590013F216 /* MASLayoutConstraint.m */,
				80E44AA1265E37590013F216 /* NSArray+MASAdditions.m */,
				80E44AA2265E37590013F216 /* View+MASAdditions.m */,
				80E44AA3265E37590013F216 /* View+MASShorthandAdditions.h */,
				80E44AA4265E37590013F216 /* Masonry.h */,
				80E44AA5265E37590013F216 /* MASConstraint.m */,
				80E44AA6265E37590013F216 /* ViewController+MASAdditions.h */,
				80E44AA7265E37590013F216 /* MASViewConstraint.m */,
				80E44AA8265E37590013F216 /* MASViewAttribute.m */,
			);
			path = Masonry;
			sourceTree = "<group>";
		};
		80E44AA9265E37590013F216 /* SDWebImage */ = {
			isa = PBXGroup;
			children = (
				80E44AAA265E37590013F216 /* UIImage+WebP.m */,
				80E44AAB265E37590013F216 /* MKAnnotationView+WebCache.m */,
				80E44AAC265E37590013F216 /* UIImageView+WebCache.h */,
				80E44AAD265E37590013F216 /* NSData+ImageContentType.h */,
				80E44AAE265E37590013F216 /* SDWebImageManager.m */,
				80E44AAF265E37590013F216 /* SDWebImageDecoder.m */,
				80E44AB0265E37590013F216 /* SDWebImageDownloaderOperation.h */,
				80E44AB1265E37590013F216 /* UIImageView+HighlightedWebCache.m */,
				80E44AB2265E37590013F216 /* SDImageCache.h */,
				80E44AB3265E37590013F216 /* SDWebImageDownloader.m */,
				80E44AB4265E37590013F216 /* UIImage+GIF.m */,
				80E44AB5265E37590013F216 /* UIButton+WebCache.h */,
				80E44AB6265E37590013F216 /* UIImage+MultiFormat.m */,
				80E44AB7265E37590013F216 /* SDWebImageCompat.m */,
				80E44AB8265E37590013F216 /* SDWebImagePrefetcher.m */,
				80E44AB9265E37590013F216 /* UIView+WebCacheOperation.h */,
				80E44ABA265E37590013F216 /* MKAnnotationView+WebCache.h */,
				80E44ABB265E37590013F216 /* UIImage+WebP.h */,
				80E44ABC265E37590013F216 /* SDImageCache.m */,
				80E44ABD265E37590013F216 /* UIImageView+HighlightedWebCache.h */,
				80E44ABE265E37590013F216 /* SDWebImageDownloaderOperation.m */,
				80E44ABF265E37590013F216 /* SDWebImageDecoder.h */,
				80E44AC0265E37590013F216 /* SDWebImageManager.h */,
				80E44AC1265E37590013F216 /* NSData+ImageContentType.m */,
				80E44AC2265E37590013F216 /* UIImageView+WebCache.m */,
				80E44AC3265E37590013F216 /* SDWebImageOperation.h */,
				80E44AC4265E37590013F216 /* SDWebImageDownloader.h */,
				80E44AC5265E37590013F216 /* UIView+WebCacheOperation.m */,
				80E44AC6265E37590013F216 /* SDWebImagePrefetcher.h */,
				80E44AC7265E37590013F216 /* SDWebImageCompat.h */,
				80E44AC8265E37590013F216 /* UIImage+MultiFormat.h */,
				80E44AC9265E37590013F216 /* UIButton+WebCache.m */,
				80E44ACA265E37590013F216 /* UIImage+GIF.h */,
			);
			path = SDWebImage;
			sourceTree = "<group>";
		};
		80E44AE8265E37990013F216 /* FileMannger */ = {
			isa = PBXGroup;
			children = (
				80E44AE9265E37990013F216 /* FileManager.h */,
				80E44AEA265E37990013F216 /* FileManager.mm */,
			);
			path = FileMannger;
			sourceTree = "<group>";
		};
		80E44AF2265E39370013F216 /* Edi_Tablebar */ = {
			isa = PBXGroup;
			children = (
				80E44AF9265E39F10013F216 /* Edi_Tablebar.h */,
				80E44AFA265E39F10013F216 /* Edi_Tablebar.m */,
			);
			path = Edi_Tablebar;
			sourceTree = "<group>";
		};
		80E44B06265E3C010013F216 /* Edi_Qm */ = {
			isa = PBXGroup;
			children = (
				80E44B0A265E3C320013F216 /* Edi_QmVC.h */,
				80E44B0B265E3C320013F216 /* Edi_QmVC.m */,
			);
			path = Edi_Qm;
			sourceTree = "<group>";
		};
		80E44B07265E3C110013F216 /* Edi_Jm */ = {
			isa = PBXGroup;
			children = (
				80E44B14265E3C3E0013F216 /* Edi_JmVC.h */,
				80E44B15265E3C3E0013F216 /* Edi_JmVC.m */,
			);
			path = Edi_Jm;
			sourceTree = "<group>";
		};
		80E44B08265E3C160013F216 /* Edi_Fx */ = {
			isa = PBXGroup;
			children = (
				80E44B1A265E3C470013F216 /* Edi_FxVC.h */,
				80E44B1B265E3C470013F216 /* Edi_FxVC.m */,
			);
			path = Edi_Fx;
			sourceTree = "<group>";
		};
		80E44B09265E3C1B0013F216 /* Edi_Wd */ = {
			isa = PBXGroup;
			children = (
				80E44B20265E3C500013F216 /* Edi_WdVC.h */,
				80E44B21265E3C500013F216 /* Edi_WdVC.m */,
			);
			path = Edi_Wd;
			sourceTree = "<group>";
		};
		80E44B26265E3CD40013F216 /* Frameworks */ = {
			isa = PBXGroup;
			children = (
				80E44B27265E3CD50013F216 /* libsqlite3.0.tbd */,
			);
			name = Frameworks;
			sourceTree = "<group>";
		};
/* End PBXGroup section */

/* Begin PBXNativeTarget section */
		80E449D1265E2ED90013F216 /* 起名大全 */ = {
			isa = PBXNativeTarget;
			buildConfigurationList = 80E44A01265E2EDD0013F216 /* Build configuration list for PBXNativeTarget "起名大全" */;
			buildPhases = (
				80E449CE265E2ED90013F216 /* Sources */,
				80E449CF265E2ED90013F216 /* Frameworks */,
				80E449D0265E2ED90013F216 /* Resources */,
			);
			buildRules = (
			);
			dependencies = (
			);
			name = "起名大全";
			productName = "起名大全";
			productReference = 80E449D2265E2ED90013F216 /* 起名大全.app */;
			productType = "com.apple.product-type.application";
		};
		80E449EC265E2EDC0013F216 /* 起名大全Tests */ = {
			isa = PBXNativeTarget;
			buildConfigurationList = 80E44A04265E2EDD0013F216 /* Build configuration list for PBXNativeTarget "起名大全Tests" */;
			buildPhases = (
				80E449E9265E2EDC0013F216 /* Sources */,
				80E449EA265E2EDC0013F216 /* Frameworks */,
				80E449EB265E2EDC0013F216 /* Resources */,
			);
			buildRules = (
			);
			dependencies = (
				80E449EF265E2EDC0013F216 /* PBXTargetDependency */,
			);
			name = "起名大全Tests";
			productName = "起名大全Tests";
			productReference = 80E449ED265E2EDC0013F216 /* 起名大全Tests.xctest */;
			productType = "com.apple.product-type.bundle.unit-test";
		};
		80E449F7265E2EDC0013F216 /* 起名大全UITests */ = {
			isa = PBXNativeTarget;
			buildConfigurationList = 80E44A07265E2EDD0013F216 /* Build configuration list for PBXNativeTarget "起名大全UITests" */;
			buildPhases = (
				80E449F4265E2EDC0013F216 /* Sources */,
				80E449F5265E2EDC0013F216 /* Frameworks */,
				80E449F6265E2EDC0013F216 /* Resources */,
			);
			buildRules = (
			);
			dependencies = (
				80E449FA265E2EDC0013F216 /* PBXTargetDependency */,
			);
			name = "起名大全UITests";
			productName = "起名大全UITests";
			productReference = 80E449F8265E2EDC0013F216 /* 起名大全UITests.xctest */;
			productType = "com.apple.product-type.bundle.ui-testing";
		};
/* End PBXNativeTarget section */

/* Begin PBXProject section */
		80E449CA265E2ED90013F216 /* Project object */ = {
			isa = PBXProject;
			attributes = {
				LastUpgradeCheck = 1240;
				TargetAttributes = {
					80E449D1265E2ED90013F216 = {
						CreatedOnToolsVersion = 12.4;
					};
					80E449EC265E2EDC0013F216 = {
						CreatedOnToolsVersion = 12.4;
						TestTargetID = 80E449D1265E2ED90013F216;
					};
					80E449F7265E2EDC0013F216 = {
						CreatedOnToolsVersion = 12.4;
						TestTargetID = 80E449D1265E2ED90013F216;
					};
				};
			};
			buildConfigurationList = 80E449CD265E2ED90013F216 /* Build configuration list for PBXProject "起名大全" */;
			compatibilityVersion = "Xcode 9.3";
			developmentRegion = en;
			hasScannedForEncodings = 0;
			knownRegions = (
				en,
				Base,
			);
			mainGroup = 80E449C9265E2ED90013F216;
			productRefGroup = 80E449D3265E2ED90013F216 /* Products */;
			projectDirPath = "";
			projectRoot = "";
			targets = (
				80E449D1265E2ED90013F216 /* 起名大全 */,
				80E449EC265E2EDC0013F216 /* 起名大全Tests */,
				80E449F7265E2EDC0013F216 /* 起名大全UITests */,
			);
		};
/* End PBXProject section */

/* Begin PBXResourcesBuildPhase section */
		80E449D0265E2ED90013F216 /* Resources */ = {
			isa = PBXResourcesBuildPhase;
			buildActionMask = 2147483647;
			files = (
				80E449E5265E2EDC0013F216 /* LaunchScreen.storyboard in Resources */,
				80E449E2265E2EDC0013F216 /* Assets.xcassets in Resources */,
				80E449E0265E2ED90013F216 /* Main.storyboard in Resources */,
				216CCBE6265E3B690023BE10 /* Info.plist in Resources */,
				80E44A89265E37520013F216 /* EasyNavButton.bundle in Resources */,
			);
			runOnlyForDeploymentPostprocessing = 0;
		};
		80E449EB265E2EDC0013F216 /* Resources */ = {
			isa = PBXResourcesBuildPhase;
			buildActionMask = 2147483647;
			files = (
			);
			runOnlyForDeploymentPostprocessing = 0;
		};
		80E449F6265E2EDC0013F216 /* Resources */ = {
			isa = PBXResourcesBuildPhase;
			buildActionMask = 2147483647;
			files = (
			);
			runOnlyForDeploymentPostprocessing = 0;
		};
/* End PBXResourcesBuildPhase section */

/* Begin PBXSourcesBuildPhase section */
		80E449CE265E2ED90013F216 /* Sources */ = {
			isa = PBXSourcesBuildPhase;
			buildActionMask = 2147483647;
			files = (
				80E44AD8265E37590013F216 /* SDWebImageDecoder.m in Sources */,
				80E44A4F265E373A0013F216 /* UIViewController+CYLNavigationControllerExtention.m in Sources */,
				80E44A40265E373A0013F216 /* UIBarButtonItem+CYLBadgeExtention.m in Sources */,
				80E44ADE265E37590013F216 /* SDWebImagePrefetcher.m in Sources */,
				80E44AE1265E37590013F216 /* NSData+ImageContentType.m in Sources */,
				80E44A84265E37520013F216 /* UIScrollView+EasyNavigationExt.m in Sources */,
				80E44AD7265E37590013F216 /* SDWebImageManager.m in Sources */,
				80E44AE0265E37590013F216 /* SDWebImageDownloaderOperation.m in Sources */,
				80E44AD9265E37590013F216 /* UIImageView+HighlightedWebCache.m in Sources */,
				80E44ACD265E37590013F216 /* MASCompositeConstraint.m in Sources */,
				216CCBE2265E3B690023BE10 /* FMDatabaseAdditions.m in Sources */,
				80E44A4E265E373A0013F216 /* UIImage+CYLTabBarControllerExtention.m in Sources */,
				80E44A81265E37520013F216 /* NSObject+EasyKVO.m in Sources */,
				80E44AD2265E37590013F216 /* MASConstraint.m in Sources */,
				80E44B1C265E3C470013F216 /* Edi_FxVC.m in Sources */,
				80E44ADD265E37590013F216 /* SDWebImageCompat.m in Sources */,
				80E44AE2265E37590013F216 /* UIImageView+WebCache.m in Sources */,
				80E44ADA265E37590013F216 /* SDWebImageDownloader.m in Sources */,
				80E44A4B265E373A0013F216 /* CYLTabBar+CYLTabBarControllerExtention.m in Sources */,
				80E44A7D265E37520013F216 /* EasyNavigationOptions.m in Sources */,
				80E44AD1265E37590013F216 /* View+MASAdditions.m in Sources */,
				80E44A50265E373A0013F216 /* CYLBaseViewController.m in Sources */,
				80E44AD5265E37590013F216 /* UIImage+WebP.m in Sources */,
				80E44A8B265E37520013F216 /* EasyNavigationView+Scroll.m in Sources */,
				80E44A80265E37520013F216 /* UITableViewController+EasyNavigationExt.m in Sources */,
				80E449D7265E2ED90013F216 /* AppDelegate.m in Sources */,
				80E44AD3265E37590013F216 /* MASViewConstraint.m in Sources */,
				80E44A86265E37520013F216 /* EasyNavigationUtils.m in Sources */,
				80E44A44265E373A0013F216 /* NSObject+CYLTabBarControllerExtention.m in Sources */,
				80E44A52265E373A0013F216 /* UIViewController+CYLTabBarControllerExtention.m in Sources */,
				80E44ADC265E37590013F216 /* UIImage+MultiFormat.m in Sources */,
				80E44AD0265E37590013F216 /* NSArray+MASAdditions.m in Sources */,
				80E44A88265E37520013F216 /* EasyNavigationView+RightButton.m in Sources */,
				80E44A82265E37520013F216 /* EasyKVOInfo.m in Sources */,
				80E44AD6265E37590013F216 /* MKAnnotationView+WebCache.m in Sources */,
				80E44A48265E373A0013F216 /* UITabBarItem+CYLBadgeExtention.m in Sources */,
				80E44AEB265E37990013F216 /* FileManager.mm in Sources */,
				80E44A41265E373A0013F216 /* CYLBaseTableViewController.m in Sources */,
				80E44B22265E3C500013F216 /* Edi_WdVC.m in Sources */,
				80E44A7C265E37520013F216 /* EasyNavigationController.m in Sources */,
				80E44AE4265E37590013F216 /* UIButton+WebCache.m in Sources */,
				80E44A51265E373A0013F216 /* UIControl+CYLTabBarControllerExtention.m in Sources */,
				80E44A83265E37520013F216 /* UIView+EasyNavigationExt.m in Sources */,
<<<<<<< HEAD
				80E44AFB265E39F10013F216 /* Edi_Tablebar.m in Sources */,
=======
				216CCBE1265E3B690023BE10 /* FMDatabaseQueue.m in Sources */,
>>>>>>> b34240e57035782764efcb5b31e6f0c4a4198665
				80E44ADB265E37590013F216 /* UIImage+GIF.m in Sources */,
				216CCBE5265E3B690023BE10 /* FMResultSet.m in Sources */,
				80E44A4D265E373A0013F216 /* CYLPlusButton.m in Sources */,
				80E449E8265E2EDC0013F216 /* main.m in Sources */,
				80E44AD4265E37590013F216 /* MASViewAttribute.m in Sources */,
				80E44A47265E373A0013F216 /* CYLBaseNavigationController.m in Sources */,
				80E44A85265E37520013F216 /* UIViewController+EasyNavigationExt.m in Sources */,
				216CCBE4265E3B690023BE10 /* FMDatabasePool.m in Sources */,
				80E44ACC265E37590013F216 /* ViewController+MASAdditions.m in Sources */,
				80E44ACB265E37590013F216 /* NSLayoutConstraint+MASDebugAdditions.m in Sources */,
				80E44B16265E3C3E0013F216 /* Edi_JmVC.m in Sources */,
				80E44A49265E373A0013F216 /* UIView+CYLBadgeExtention.m in Sources */,
				80E44A7E265E37520013F216 /* EasyNavigationScroll.m in Sources */,
				80E44A4C265E373A0013F216 /* CYLTabBar.m in Sources */,
				80E44A46265E373A0013F216 /* CYLTabBarController.m in Sources */,
<<<<<<< HEAD
				80E44B0C265E3C320013F216 /* Edi_QmVC.m in Sources */,
=======
				216CCBE3265E3B690023BE10 /* FMDatabase.m in Sources */,
>>>>>>> b34240e57035782764efcb5b31e6f0c4a4198665
				80E44A8A265E37520013F216 /* EasyNavigationButton.m in Sources */,
				80E44AE3265E37590013F216 /* UIView+WebCacheOperation.m in Sources */,
				80E44A4A265E373A0013F216 /* CAAnimation+CYLBadgeExtention.m in Sources */,
				80E44ACE265E37590013F216 /* MASConstraintMaker.m in Sources */,
				80E44ACF265E37590013F216 /* MASLayoutConstraint.m in Sources */,
				80E44ADF265E37590013F216 /* SDImageCache.m in Sources */,
				80E44A7B265E37520013F216 /* EasyNavigationView+Add.m in Sources */,
				80E44A7F265E37520013F216 /* EasyNavigationView.m in Sources */,
				80E44A45265E373A0013F216 /* UITabBarItem+CYLTabBarControllerExtention.m in Sources */,
				80E44A42265E373A0013F216 /* UIColor+CYLTabBarControllerExtention.m in Sources */,
				80E44A43265E373A0013F216 /* UIView+CYLTabBarControllerExtention.m in Sources */,
				80E44A87265E37520013F216 /* EasyNavigationView+LeftButton.m in Sources */,
			);
			runOnlyForDeploymentPostprocessing = 0;
		};
		80E449E9265E2EDC0013F216 /* Sources */ = {
			isa = PBXSourcesBuildPhase;
			buildActionMask = 2147483647;
			files = (
				80E449F2265E2EDC0013F216 /* ____Tests.m in Sources */,
			);
			runOnlyForDeploymentPostprocessing = 0;
		};
		80E449F4265E2EDC0013F216 /* Sources */ = {
			isa = PBXSourcesBuildPhase;
			buildActionMask = 2147483647;
			files = (
				80E449FD265E2EDC0013F216 /* ____UITests.m in Sources */,
			);
			runOnlyForDeploymentPostprocessing = 0;
		};
/* End PBXSourcesBuildPhase section */

/* Begin PBXTargetDependency section */
		80E449EF265E2EDC0013F216 /* PBXTargetDependency */ = {
			isa = PBXTargetDependency;
			target = 80E449D1265E2ED90013F216 /* 起名大全 */;
			targetProxy = 80E449EE265E2EDC0013F216 /* PBXContainerItemProxy */;
		};
		80E449FA265E2EDC0013F216 /* PBXTargetDependency */ = {
			isa = PBXTargetDependency;
			target = 80E449D1265E2ED90013F216 /* 起名大全 */;
			targetProxy = 80E449F9265E2EDC0013F216 /* PBXContainerItemProxy */;
		};
/* End PBXTargetDependency section */

/* Begin PBXVariantGroup section */
		80E449DE265E2ED90013F216 /* Main.storyboard */ = {
			isa = PBXVariantGroup;
			children = (
				80E449DF265E2ED90013F216 /* Base */,
			);
			name = Main.storyboard;
			sourceTree = "<group>";
		};
		80E449E3265E2EDC0013F216 /* LaunchScreen.storyboard */ = {
			isa = PBXVariantGroup;
			children = (
				80E449E4265E2EDC0013F216 /* Base */,
			);
			name = LaunchScreen.storyboard;
			sourceTree = "<group>";
		};
/* End PBXVariantGroup section */

/* Begin XCBuildConfiguration section */
		80E449FF265E2EDD0013F216 /* Debug */ = {
			isa = XCBuildConfiguration;
			buildSettings = {
				ALWAYS_SEARCH_USER_PATHS = NO;
				CLANG_ANALYZER_NONNULL = YES;
				CLANG_ANALYZER_NUMBER_OBJECT_CONVERSION = YES_AGGRESSIVE;
				CLANG_CXX_LANGUAGE_STANDARD = "gnu++14";
				CLANG_CXX_LIBRARY = "libc++";
				CLANG_ENABLE_MODULES = YES;
				CLANG_ENABLE_OBJC_ARC = YES;
				CLANG_ENABLE_OBJC_WEAK = YES;
				CLANG_WARN_BLOCK_CAPTURE_AUTORELEASING = YES;
				CLANG_WARN_BOOL_CONVERSION = YES;
				CLANG_WARN_COMMA = YES;
				CLANG_WARN_CONSTANT_CONVERSION = YES;
				CLANG_WARN_DEPRECATED_OBJC_IMPLEMENTATIONS = YES;
				CLANG_WARN_DIRECT_OBJC_ISA_USAGE = YES_ERROR;
				CLANG_WARN_DOCUMENTATION_COMMENTS = YES;
				CLANG_WARN_EMPTY_BODY = YES;
				CLANG_WARN_ENUM_CONVERSION = YES;
				CLANG_WARN_INFINITE_RECURSION = YES;
				CLANG_WARN_INT_CONVERSION = YES;
				CLANG_WARN_NON_LITERAL_NULL_CONVERSION = YES;
				CLANG_WARN_OBJC_IMPLICIT_RETAIN_SELF = YES;
				CLANG_WARN_OBJC_LITERAL_CONVERSION = YES;
				CLANG_WARN_OBJC_ROOT_CLASS = YES_ERROR;
				CLANG_WARN_QUOTED_INCLUDE_IN_FRAMEWORK_HEADER = YES;
				CLANG_WARN_RANGE_LOOP_ANALYSIS = YES;
				CLANG_WARN_STRICT_PROTOTYPES = YES;
				CLANG_WARN_SUSPICIOUS_MOVE = YES;
				CLANG_WARN_UNGUARDED_AVAILABILITY = YES_AGGRESSIVE;
				CLANG_WARN_UNREACHABLE_CODE = YES;
				CLANG_WARN__DUPLICATE_METHOD_MATCH = YES;
				COPY_PHASE_STRIP = NO;
				DEBUG_INFORMATION_FORMAT = dwarf;
				ENABLE_STRICT_OBJC_MSGSEND = YES;
				ENABLE_TESTABILITY = YES;
				GCC_C_LANGUAGE_STANDARD = gnu11;
				GCC_DYNAMIC_NO_PIC = NO;
				GCC_NO_COMMON_BLOCKS = YES;
				GCC_OPTIMIZATION_LEVEL = 0;
				GCC_PREPROCESSOR_DEFINITIONS = (
					"DEBUG=1",
					"$(inherited)",
				);
				GCC_WARN_64_TO_32_BIT_CONVERSION = YES;
				GCC_WARN_ABOUT_RETURN_TYPE = YES_ERROR;
				GCC_WARN_UNDECLARED_SELECTOR = YES;
				GCC_WARN_UNINITIALIZED_AUTOS = YES_AGGRESSIVE;
				GCC_WARN_UNUSED_FUNCTION = YES;
				GCC_WARN_UNUSED_VARIABLE = YES;
				IPHONEOS_DEPLOYMENT_TARGET = 14.4;
				MTL_ENABLE_DEBUG_INFO = INCLUDE_SOURCE;
				MTL_FAST_MATH = YES;
				ONLY_ACTIVE_ARCH = YES;
				SDKROOT = iphoneos;
			};
			name = Debug;
		};
		80E44A00265E2EDD0013F216 /* Release */ = {
			isa = XCBuildConfiguration;
			buildSettings = {
				ALWAYS_SEARCH_USER_PATHS = NO;
				CLANG_ANALYZER_NONNULL = YES;
				CLANG_ANALYZER_NUMBER_OBJECT_CONVERSION = YES_AGGRESSIVE;
				CLANG_CXX_LANGUAGE_STANDARD = "gnu++14";
				CLANG_CXX_LIBRARY = "libc++";
				CLANG_ENABLE_MODULES = YES;
				CLANG_ENABLE_OBJC_ARC = YES;
				CLANG_ENABLE_OBJC_WEAK = YES;
				CLANG_WARN_BLOCK_CAPTURE_AUTORELEASING = YES;
				CLANG_WARN_BOOL_CONVERSION = YES;
				CLANG_WARN_COMMA = YES;
				CLANG_WARN_CONSTANT_CONVERSION = YES;
				CLANG_WARN_DEPRECATED_OBJC_IMPLEMENTATIONS = YES;
				CLANG_WARN_DIRECT_OBJC_ISA_USAGE = YES_ERROR;
				CLANG_WARN_DOCUMENTATION_COMMENTS = YES;
				CLANG_WARN_EMPTY_BODY = YES;
				CLANG_WARN_ENUM_CONVERSION = YES;
				CLANG_WARN_INFINITE_RECURSION = YES;
				CLANG_WARN_INT_CONVERSION = YES;
				CLANG_WARN_NON_LITERAL_NULL_CONVERSION = YES;
				CLANG_WARN_OBJC_IMPLICIT_RETAIN_SELF = YES;
				CLANG_WARN_OBJC_LITERAL_CONVERSION = YES;
				CLANG_WARN_OBJC_ROOT_CLASS = YES_ERROR;
				CLANG_WARN_QUOTED_INCLUDE_IN_FRAMEWORK_HEADER = YES;
				CLANG_WARN_RANGE_LOOP_ANALYSIS = YES;
				CLANG_WARN_STRICT_PROTOTYPES = YES;
				CLANG_WARN_SUSPICIOUS_MOVE = YES;
				CLANG_WARN_UNGUARDED_AVAILABILITY = YES_AGGRESSIVE;
				CLANG_WARN_UNREACHABLE_CODE = YES;
				CLANG_WARN__DUPLICATE_METHOD_MATCH = YES;
				COPY_PHASE_STRIP = NO;
				DEBUG_INFORMATION_FORMAT = "dwarf-with-dsym";
				ENABLE_NS_ASSERTIONS = NO;
				ENABLE_STRICT_OBJC_MSGSEND = YES;
				GCC_C_LANGUAGE_STANDARD = gnu11;
				GCC_NO_COMMON_BLOCKS = YES;
				GCC_WARN_64_TO_32_BIT_CONVERSION = YES;
				GCC_WARN_ABOUT_RETURN_TYPE = YES_ERROR;
				GCC_WARN_UNDECLARED_SELECTOR = YES;
				GCC_WARN_UNINITIALIZED_AUTOS = YES_AGGRESSIVE;
				GCC_WARN_UNUSED_FUNCTION = YES;
				GCC_WARN_UNUSED_VARIABLE = YES;
				IPHONEOS_DEPLOYMENT_TARGET = 14.4;
				MTL_ENABLE_DEBUG_INFO = NO;
				MTL_FAST_MATH = YES;
				SDKROOT = iphoneos;
				VALIDATE_PRODUCT = YES;
			};
			name = Release;
		};
		80E44A02265E2EDD0013F216 /* Debug */ = {
			isa = XCBuildConfiguration;
			buildSettings = {
				ASSETCATALOG_COMPILER_APPICON_NAME = AppIcon;
				ASSETCATALOG_COMPILER_GLOBAL_ACCENT_COLOR_NAME = AccentColor;
				CODE_SIGN_STYLE = Automatic;
				GCC_PREFIX_HEADER = "$(SRCROOT)/起名大全/Edi.pch";
				INFOPLIST_FILE = "起名大全/Info.plist";
				IPHONEOS_DEPLOYMENT_TARGET = 10.0;
				LD_RUNPATH_SEARCH_PATHS = (
					"$(inherited)",
					"@executable_path/Frameworks",
				);
				PRODUCT_BUNDLE_IDENTIFIER = "cn.cn.----";
				PRODUCT_NAME = "$(TARGET_NAME)";
				TARGETED_DEVICE_FAMILY = 1;
			};
			name = Debug;
		};
		80E44A03265E2EDD0013F216 /* Release */ = {
			isa = XCBuildConfiguration;
			buildSettings = {
				ASSETCATALOG_COMPILER_APPICON_NAME = AppIcon;
				ASSETCATALOG_COMPILER_GLOBAL_ACCENT_COLOR_NAME = AccentColor;
				CODE_SIGN_STYLE = Automatic;
				GCC_PREFIX_HEADER = "$(SRCROOT)/起名大全/Edi.pch";
				INFOPLIST_FILE = "起名大全/Info.plist";
				IPHONEOS_DEPLOYMENT_TARGET = 10.0;
				LD_RUNPATH_SEARCH_PATHS = (
					"$(inherited)",
					"@executable_path/Frameworks",
				);
				PRODUCT_BUNDLE_IDENTIFIER = "cn.cn.----";
				PRODUCT_NAME = "$(TARGET_NAME)";
				TARGETED_DEVICE_FAMILY = 1;
			};
			name = Release;
		};
		80E44A05265E2EDD0013F216 /* Debug */ = {
			isa = XCBuildConfiguration;
			buildSettings = {
				BUNDLE_LOADER = "$(TEST_HOST)";
				CODE_SIGN_STYLE = Automatic;
				INFOPLIST_FILE = "起名大全Tests/Info.plist";
				IPHONEOS_DEPLOYMENT_TARGET = 14.4;
				LD_RUNPATH_SEARCH_PATHS = (
					"$(inherited)",
					"@executable_path/Frameworks",
					"@loader_path/Frameworks",
				);
				PRODUCT_BUNDLE_IDENTIFIER = "cn.cn.----Tests";
				PRODUCT_NAME = "$(TARGET_NAME)";
				TARGETED_DEVICE_FAMILY = "1,2";
				TEST_HOST = "$(BUILT_PRODUCTS_DIR)/起名大全.app/起名大全";
			};
			name = Debug;
		};
		80E44A06265E2EDD0013F216 /* Release */ = {
			isa = XCBuildConfiguration;
			buildSettings = {
				BUNDLE_LOADER = "$(TEST_HOST)";
				CODE_SIGN_STYLE = Automatic;
				INFOPLIST_FILE = "起名大全Tests/Info.plist";
				IPHONEOS_DEPLOYMENT_TARGET = 14.4;
				LD_RUNPATH_SEARCH_PATHS = (
					"$(inherited)",
					"@executable_path/Frameworks",
					"@loader_path/Frameworks",
				);
				PRODUCT_BUNDLE_IDENTIFIER = "cn.cn.----Tests";
				PRODUCT_NAME = "$(TARGET_NAME)";
				TARGETED_DEVICE_FAMILY = "1,2";
				TEST_HOST = "$(BUILT_PRODUCTS_DIR)/起名大全.app/起名大全";
			};
			name = Release;
		};
		80E44A08265E2EDD0013F216 /* Debug */ = {
			isa = XCBuildConfiguration;
			buildSettings = {
				CODE_SIGN_STYLE = Automatic;
				INFOPLIST_FILE = "起名大全UITests/Info.plist";
				LD_RUNPATH_SEARCH_PATHS = (
					"$(inherited)",
					"@executable_path/Frameworks",
					"@loader_path/Frameworks",
				);
				PRODUCT_BUNDLE_IDENTIFIER = "cn.cn.----UITests";
				PRODUCT_NAME = "$(TARGET_NAME)";
				TARGETED_DEVICE_FAMILY = "1,2";
				TEST_TARGET_NAME = "起名大全";
			};
			name = Debug;
		};
		80E44A09265E2EDD0013F216 /* Release */ = {
			isa = XCBuildConfiguration;
			buildSettings = {
				CODE_SIGN_STYLE = Automatic;
				INFOPLIST_FILE = "起名大全UITests/Info.plist";
				LD_RUNPATH_SEARCH_PATHS = (
					"$(inherited)",
					"@executable_path/Frameworks",
					"@loader_path/Frameworks",
				);
				PRODUCT_BUNDLE_IDENTIFIER = "cn.cn.----UITests";
				PRODUCT_NAME = "$(TARGET_NAME)";
				TARGETED_DEVICE_FAMILY = "1,2";
				TEST_TARGET_NAME = "起名大全";
			};
			name = Release;
		};
/* End XCBuildConfiguration section */

/* Begin XCConfigurationList section */
		80E449CD265E2ED90013F216 /* Build configuration list for PBXProject "起名大全" */ = {
			isa = XCConfigurationList;
			buildConfigurations = (
				80E449FF265E2EDD0013F216 /* Debug */,
				80E44A00265E2EDD0013F216 /* Release */,
			);
			defaultConfigurationIsVisible = 0;
			defaultConfigurationName = Release;
		};
		80E44A01265E2EDD0013F216 /* Build configuration list for PBXNativeTarget "起名大全" */ = {
			isa = XCConfigurationList;
			buildConfigurations = (
				80E44A02265E2EDD0013F216 /* Debug */,
				80E44A03265E2EDD0013F216 /* Release */,
			);
			defaultConfigurationIsVisible = 0;
			defaultConfigurationName = Release;
		};
		80E44A04265E2EDD0013F216 /* Build configuration list for PBXNativeTarget "起名大全Tests" */ = {
			isa = XCConfigurationList;
			buildConfigurations = (
				80E44A05265E2EDD0013F216 /* Debug */,
				80E44A06265E2EDD0013F216 /* Release */,
			);
			defaultConfigurationIsVisible = 0;
			defaultConfigurationName = Release;
		};
		80E44A07265E2EDD0013F216 /* Build configuration list for PBXNativeTarget "起名大全UITests" */ = {
			isa = XCConfigurationList;
			buildConfigurations = (
				80E44A08265E2EDD0013F216 /* Debug */,
				80E44A09265E2EDD0013F216 /* Release */,
			);
			defaultConfigurationIsVisible = 0;
			defaultConfigurationName = Release;
		};
/* End XCConfigurationList section */
	};
	rootObject = 80E449CA265E2ED90013F216 /* Project object */;
}
